// !$*UTF8*$!
{
	archiveVersion = 1;
	classes = {
	};
	objectVersion = 77;
	objects = {

/* Begin PBXAggregateTarget section */
		F4BD80102D2A29260041034B /* All */ = {
			isa = PBXAggregateTarget;
			buildConfigurationList = F4BD80112D2A29260041034B /* Build configuration list for PBXAggregateTarget "All" */;
			buildPhases = (
			);
			dependencies = (
				F4BD801B2D2A29420041034B /* PBXTargetDependency */,
				F4BD80152D2A293C0041034B /* PBXTargetDependency */,
				F4BD80172D2A293D0041034B /* PBXTargetDependency */,
				F4BD801D2D2A29440041034B /* PBXTargetDependency */,
				F4BD801F2D2A29460041034B /* PBXTargetDependency */,
				F4BD80212D2A29480041034B /* PBXTargetDependency */,
				F4BD80192D2A29400041034B /* PBXTargetDependency */,
				F4BD80232D2A294A0041034B /* PBXTargetDependency */,
			);
			name = All;
			packageProductDependencies = (
			);
			productName = All;
		};
/* End PBXAggregateTarget section */

/* Begin PBXBuildFile section */
		F41BC6AD2D0A720700E61EDD /* Azoth.framework in Frameworks */ = {isa = PBXBuildFile; fileRef = F41BC6522D0A61BA00E61EDD /* Azoth.framework */; };
		F41BC6AE2D0A720700E61EDD /* Azoth.framework in Embed Frameworks */ = {isa = PBXBuildFile; fileRef = F41BC6522D0A61BA00E61EDD /* Azoth.framework */; settings = {ATTRIBUTES = (CodeSignOnCopy, RemoveHeadersOnCopy, ); }; };
		F454E2102D24DFA1002D2DAB /* SDL3_ttf.xcframework in Frameworks */ = {isa = PBXBuildFile; fileRef = F49533802D1F841200D6B8A6 /* SDL3_ttf.xcframework */; };
		F454E2112D24DFA1002D2DAB /* SDL3.xcframework in Frameworks */ = {isa = PBXBuildFile; fileRef = F495337E2D1F840800D6B8A6 /* SDL3.xcframework */; };
		F454E2122D24DFA1002D2DAB /* SDL3_image.xcframework in Frameworks */ = {isa = PBXBuildFile; fileRef = F45ED9372D11471000CE8B28 /* SDL3_image.xcframework */; };
		F454E2132D24DFA1002D2DAB /* avif.xcframework in Frameworks */ = {isa = PBXBuildFile; fileRef = F45ED9252D1145B900CE8B28 /* avif.xcframework */; };
		F454E2142D24DFA1002D2DAB /* jxl.xcframework in Frameworks */ = {isa = PBXBuildFile; fileRef = F45ED9242D1145B900CE8B28 /* jxl.xcframework */; };
		F454E2152D24DFA1002D2DAB /* webp.xcframework in Frameworks */ = {isa = PBXBuildFile; fileRef = F45ED9232D1145B900CE8B28 /* webp.xcframework */; };
		F454E2162D24DFA6002D2DAB /* Azoth.framework in Frameworks */ = {isa = PBXBuildFile; fileRef = F41BC6522D0A61BA00E61EDD /* Azoth.framework */; };
		F454E2182D24DFBD002D2DAB /* SDL3_ttf.xcframework in Embed Frameworks */ = {isa = PBXBuildFile; fileRef = F49533802D1F841200D6B8A6 /* SDL3_ttf.xcframework */; settings = {ATTRIBUTES = (CodeSignOnCopy, RemoveHeadersOnCopy, ); }; };
		F454E2192D24DFBD002D2DAB /* SDL3.xcframework in Embed Frameworks */ = {isa = PBXBuildFile; fileRef = F495337E2D1F840800D6B8A6 /* SDL3.xcframework */; settings = {ATTRIBUTES = (CodeSignOnCopy, RemoveHeadersOnCopy, ); }; };
		F454E21A2D24DFBD002D2DAB /* SDL3_image.xcframework in Embed Frameworks */ = {isa = PBXBuildFile; fileRef = F45ED9372D11471000CE8B28 /* SDL3_image.xcframework */; settings = {ATTRIBUTES = (CodeSignOnCopy, RemoveHeadersOnCopy, ); }; };
		F454E21B2D24DFBD002D2DAB /* avif.xcframework in Embed Frameworks */ = {isa = PBXBuildFile; fileRef = F45ED9252D1145B900CE8B28 /* avif.xcframework */; settings = {ATTRIBUTES = (CodeSignOnCopy, RemoveHeadersOnCopy, ); }; };
		F454E21C2D24DFBD002D2DAB /* jxl.xcframework in Embed Frameworks */ = {isa = PBXBuildFile; fileRef = F45ED9242D1145B900CE8B28 /* jxl.xcframework */; settings = {ATTRIBUTES = (CodeSignOnCopy, RemoveHeadersOnCopy, ); }; };
		F454E21D2D24DFBD002D2DAB /* webp.xcframework in Embed Frameworks */ = {isa = PBXBuildFile; fileRef = F45ED9232D1145B900CE8B28 /* webp.xcframework */; settings = {ATTRIBUTES = (CodeSignOnCopy, RemoveHeadersOnCopy, ); }; };
		F454E21E2D24DFCE002D2DAB /* Azoth.framework in Embed Frameworks */ = {isa = PBXBuildFile; fileRef = F41BC6522D0A61BA00E61EDD /* Azoth.framework */; settings = {ATTRIBUTES = (CodeSignOnCopy, RemoveHeadersOnCopy, ); }; };
		F45ED92A2D1145BA00CE8B28 /* webp.xcframework in Frameworks */ = {isa = PBXBuildFile; fileRef = F45ED9232D1145B900CE8B28 /* webp.xcframework */; };
		F45ED92B2D1145BA00CE8B28 /* jxl.xcframework in Frameworks */ = {isa = PBXBuildFile; fileRef = F45ED9242D1145B900CE8B28 /* jxl.xcframework */; };
		F45ED92C2D1145BA00CE8B28 /* avif.xcframework in Frameworks */ = {isa = PBXBuildFile; fileRef = F45ED9252D1145B900CE8B28 /* avif.xcframework */; };
		F45ED9312D1146DE00CE8B28 /* avif.xcframework in Frameworks */ = {isa = PBXBuildFile; fileRef = F45ED9252D1145B900CE8B28 /* avif.xcframework */; };
		F45ED9322D1146DE00CE8B28 /* jxl.xcframework in Frameworks */ = {isa = PBXBuildFile; fileRef = F45ED9242D1145B900CE8B28 /* jxl.xcframework */; };
		F45ED9362D1146DE00CE8B28 /* webp.xcframework in Frameworks */ = {isa = PBXBuildFile; fileRef = F45ED9232D1145B900CE8B28 /* webp.xcframework */; };
		F45ED9382D11471000CE8B28 /* SDL3_image.xcframework in Frameworks */ = {isa = PBXBuildFile; fileRef = F45ED9372D11471000CE8B28 /* SDL3_image.xcframework */; };
		F45ED9392D1147EB00CE8B28 /* SDL3_image.xcframework in Frameworks */ = {isa = PBXBuildFile; fileRef = F45ED9372D11471000CE8B28 /* SDL3_image.xcframework */; };
		F45ED93A2D11480800CE8B28 /* SDL3_image.xcframework in Embed Frameworks */ = {isa = PBXBuildFile; fileRef = F45ED9372D11471000CE8B28 /* SDL3_image.xcframework */; settings = {ATTRIBUTES = (CodeSignOnCopy, RemoveHeadersOnCopy, ); }; };
		F45ED93B2D11480A00CE8B28 /* avif.xcframework in Embed Frameworks */ = {isa = PBXBuildFile; fileRef = F45ED9252D1145B900CE8B28 /* avif.xcframework */; settings = {ATTRIBUTES = (CodeSignOnCopy, RemoveHeadersOnCopy, ); }; };
		F45ED93C2D11480D00CE8B28 /* jxl.xcframework in Embed Frameworks */ = {isa = PBXBuildFile; fileRef = F45ED9242D1145B900CE8B28 /* jxl.xcframework */; settings = {ATTRIBUTES = (CodeSignOnCopy, RemoveHeadersOnCopy, ); }; };
		F45ED9402D11481600CE8B28 /* webp.xcframework in Embed Frameworks */ = {isa = PBXBuildFile; fileRef = F45ED9232D1145B900CE8B28 /* webp.xcframework */; settings = {ATTRIBUTES = (CodeSignOnCopy, RemoveHeadersOnCopy, ); }; };
		F49528402D1F4B3100D6B8A6 /* avif.xcframework in Frameworks */ = {isa = PBXBuildFile; fileRef = F45ED9252D1145B900CE8B28 /* avif.xcframework */; };
		F49528412D1F4B3100D6B8A6 /* jxl.xcframework in Frameworks */ = {isa = PBXBuildFile; fileRef = F45ED9242D1145B900CE8B28 /* jxl.xcframework */; };
		F49528442D1F4B3100D6B8A6 /* webp.xcframework in Frameworks */ = {isa = PBXBuildFile; fileRef = F45ED9232D1145B900CE8B28 /* webp.xcframework */; };
		F49528452D1F4B4700D6B8A6 /* Azoth.framework in Frameworks */ = {isa = PBXBuildFile; fileRef = F41BC6522D0A61BA00E61EDD /* Azoth.framework */; };
		F49528482D1F4C8000D6B8A6 /* SDL3_image.xcframework in Embed Frameworks */ = {isa = PBXBuildFile; fileRef = F45ED9372D11471000CE8B28 /* SDL3_image.xcframework */; settings = {ATTRIBUTES = (CodeSignOnCopy, RemoveHeadersOnCopy, ); }; };
		F49528492D1F4C8000D6B8A6 /* avif.xcframework in Embed Frameworks */ = {isa = PBXBuildFile; fileRef = F45ED9252D1145B900CE8B28 /* avif.xcframework */; settings = {ATTRIBUTES = (CodeSignOnCopy, RemoveHeadersOnCopy, ); }; };
		F495284A2D1F4C8000D6B8A6 /* jxl.xcframework in Embed Frameworks */ = {isa = PBXBuildFile; fileRef = F45ED9242D1145B900CE8B28 /* jxl.xcframework */; settings = {ATTRIBUTES = (CodeSignOnCopy, RemoveHeadersOnCopy, ); }; };
		F495284D2D1F4C8000D6B8A6 /* webp.xcframework in Embed Frameworks */ = {isa = PBXBuildFile; fileRef = F45ED9232D1145B900CE8B28 /* webp.xcframework */; settings = {ATTRIBUTES = (CodeSignOnCopy, RemoveHeadersOnCopy, ); }; };
		F495284E2D1F4C8000D6B8A6 /* Azoth.framework in Embed Frameworks */ = {isa = PBXBuildFile; fileRef = F41BC6522D0A61BA00E61EDD /* Azoth.framework */; settings = {ATTRIBUTES = (CodeSignOnCopy, RemoveHeadersOnCopy, ); }; };
		F495337F2D1F840800D6B8A6 /* SDL3.xcframework in Frameworks */ = {isa = PBXBuildFile; fileRef = F495337E2D1F840800D6B8A6 /* SDL3.xcframework */; };
		F49533812D1F841200D6B8A6 /* SDL3_ttf.xcframework in Frameworks */ = {isa = PBXBuildFile; fileRef = F49533802D1F841200D6B8A6 /* SDL3_ttf.xcframework */; };
		F49533822D1F841800D6B8A6 /* SDL3_ttf.xcframework in Embed Frameworks */ = {isa = PBXBuildFile; fileRef = F49533802D1F841200D6B8A6 /* SDL3_ttf.xcframework */; settings = {ATTRIBUTES = (CodeSignOnCopy, RemoveHeadersOnCopy, ); }; };
		F49533832D1F841B00D6B8A6 /* SDL3.xcframework in Embed Frameworks */ = {isa = PBXBuildFile; fileRef = F495337E2D1F840800D6B8A6 /* SDL3.xcframework */; settings = {ATTRIBUTES = (CodeSignOnCopy, RemoveHeadersOnCopy, ); }; };
		F49533842D1F842200D6B8A6 /* SDL3_ttf.xcframework in Frameworks */ = {isa = PBXBuildFile; fileRef = F49533802D1F841200D6B8A6 /* SDL3_ttf.xcframework */; };
		F49533852D1F842500D6B8A6 /* SDL3.xcframework in Frameworks */ = {isa = PBXBuildFile; fileRef = F495337E2D1F840800D6B8A6 /* SDL3.xcframework */; };
		F49533862D1F8DAB00D6B8A6 /* SDL3_image.xcframework in Frameworks */ = {isa = PBXBuildFile; fileRef = F45ED9372D11471000CE8B28 /* SDL3_image.xcframework */; };
		F49533872D1F8DCA00D6B8A6 /* SDL3.xcframework in Frameworks */ = {isa = PBXBuildFile; fileRef = F495337E2D1F840800D6B8A6 /* SDL3.xcframework */; };
		F49533882D1F8DCD00D6B8A6 /* SDL3_ttf.xcframework in Frameworks */ = {isa = PBXBuildFile; fileRef = F49533802D1F841200D6B8A6 /* SDL3_ttf.xcframework */; };
		F49533892D1F8DD100D6B8A6 /* SDL3_ttf.xcframework in Embed Frameworks */ = {isa = PBXBuildFile; fileRef = F49533802D1F841200D6B8A6 /* SDL3_ttf.xcframework */; settings = {ATTRIBUTES = (CodeSignOnCopy, RemoveHeadersOnCopy, ); }; };
		F495338A2D1F8DD300D6B8A6 /* SDL3.xcframework in Embed Frameworks */ = {isa = PBXBuildFile; fileRef = F495337E2D1F840800D6B8A6 /* SDL3.xcframework */; settings = {ATTRIBUTES = (CodeSignOnCopy, RemoveHeadersOnCopy, ); }; };
		F4953ED82D20EFBF00D6B8A6 /* SDL3.xcframework in Frameworks */ = {isa = PBXBuildFile; fileRef = F495337E2D1F840800D6B8A6 /* SDL3.xcframework */; };
		F4953ED92D20EFC000D6B8A6 /* SDL3_image.xcframework in Frameworks */ = {isa = PBXBuildFile; fileRef = F45ED9372D11471000CE8B28 /* SDL3_image.xcframework */; };
		F4953EDA2D20EFC300D6B8A6 /* avif.xcframework in Frameworks */ = {isa = PBXBuildFile; fileRef = F45ED9252D1145B900CE8B28 /* avif.xcframework */; };
		F4953EDB2D20EFC400D6B8A6 /* jxl.xcframework in Frameworks */ = {isa = PBXBuildFile; fileRef = F45ED9242D1145B900CE8B28 /* jxl.xcframework */; };
		F4953EDC2D20EFC600D6B8A6 /* webp.xcframework in Frameworks */ = {isa = PBXBuildFile; fileRef = F45ED9232D1145B900CE8B28 /* webp.xcframework */; };
		F4953EDD2D20EFD000D6B8A6 /* SDL3_image.xcframework in Embed frameworks */ = {isa = PBXBuildFile; fileRef = F45ED9372D11471000CE8B28 /* SDL3_image.xcframework */; settings = {ATTRIBUTES = (CodeSignOnCopy, RemoveHeadersOnCopy, ); }; };
		F4953EDE2D20EFD200D6B8A6 /* SDL3.xcframework in Embed frameworks */ = {isa = PBXBuildFile; fileRef = F495337E2D1F840800D6B8A6 /* SDL3.xcframework */; settings = {ATTRIBUTES = (CodeSignOnCopy, RemoveHeadersOnCopy, ); }; };
		F4953EDF2D20EFD400D6B8A6 /* avif.xcframework in Embed frameworks */ = {isa = PBXBuildFile; fileRef = F45ED9252D1145B900CE8B28 /* avif.xcframework */; settings = {ATTRIBUTES = (CodeSignOnCopy, RemoveHeadersOnCopy, ); }; };
		F4953EE02D20EFD500D6B8A6 /* jxl.xcframework in Embed frameworks */ = {isa = PBXBuildFile; fileRef = F45ED9242D1145B900CE8B28 /* jxl.xcframework */; settings = {ATTRIBUTES = (CodeSignOnCopy, RemoveHeadersOnCopy, ); }; };
		F4953EE12D20EFD600D6B8A6 /* webp.xcframework in Embed frameworks */ = {isa = PBXBuildFile; fileRef = F45ED9232D1145B900CE8B28 /* webp.xcframework */; settings = {ATTRIBUTES = (CodeSignOnCopy, RemoveHeadersOnCopy, ); }; };
		F49557202D231CC800D6B8A6 /* SDL3_ttf.xcframework in Frameworks */ = {isa = PBXBuildFile; fileRef = F49533802D1F841200D6B8A6 /* SDL3_ttf.xcframework */; };
		F49557212D231CC800D6B8A6 /* SDL3.xcframework in Frameworks */ = {isa = PBXBuildFile; fileRef = F495337E2D1F840800D6B8A6 /* SDL3.xcframework */; };
		F49557222D231CC800D6B8A6 /* SDL3_image.xcframework in Frameworks */ = {isa = PBXBuildFile; fileRef = F45ED9372D11471000CE8B28 /* SDL3_image.xcframework */; };
		F49557232D231CC800D6B8A6 /* avif.xcframework in Frameworks */ = {isa = PBXBuildFile; fileRef = F45ED9252D1145B900CE8B28 /* avif.xcframework */; };
		F49557242D231CC800D6B8A6 /* jxl.xcframework in Frameworks */ = {isa = PBXBuildFile; fileRef = F45ED9242D1145B900CE8B28 /* jxl.xcframework */; };
		F49557252D231CC800D6B8A6 /* webp.xcframework in Frameworks */ = {isa = PBXBuildFile; fileRef = F45ED9232D1145B900CE8B28 /* webp.xcframework */; };
		F49557262D231CD100D6B8A6 /* Azoth.framework in Frameworks */ = {isa = PBXBuildFile; fileRef = F41BC6522D0A61BA00E61EDD /* Azoth.framework */; };
		F49557282D231CEA00D6B8A6 /* SDL3_ttf.xcframework in Embed Frameworks */ = {isa = PBXBuildFile; fileRef = F49533802D1F841200D6B8A6 /* SDL3_ttf.xcframework */; settings = {ATTRIBUTES = (CodeSignOnCopy, RemoveHeadersOnCopy, ); }; };
		F49557292D231CEA00D6B8A6 /* SDL3.xcframework in Embed Frameworks */ = {isa = PBXBuildFile; fileRef = F495337E2D1F840800D6B8A6 /* SDL3.xcframework */; settings = {ATTRIBUTES = (CodeSignOnCopy, RemoveHeadersOnCopy, ); }; };
		F495572A2D231CEA00D6B8A6 /* SDL3_image.xcframework in Embed Frameworks */ = {isa = PBXBuildFile; fileRef = F45ED9372D11471000CE8B28 /* SDL3_image.xcframework */; settings = {ATTRIBUTES = (CodeSignOnCopy, RemoveHeadersOnCopy, ); }; };
		F495572B2D231CEA00D6B8A6 /* avif.xcframework in Embed Frameworks */ = {isa = PBXBuildFile; fileRef = F45ED9252D1145B900CE8B28 /* avif.xcframework */; settings = {ATTRIBUTES = (CodeSignOnCopy, RemoveHeadersOnCopy, ); }; };
		F495572C2D231CEA00D6B8A6 /* jxl.xcframework in Embed Frameworks */ = {isa = PBXBuildFile; fileRef = F45ED9242D1145B900CE8B28 /* jxl.xcframework */; settings = {ATTRIBUTES = (CodeSignOnCopy, RemoveHeadersOnCopy, ); }; };
		F495572D2D231CEA00D6B8A6 /* webp.xcframework in Embed Frameworks */ = {isa = PBXBuildFile; fileRef = F45ED9232D1145B900CE8B28 /* webp.xcframework */; settings = {ATTRIBUTES = (CodeSignOnCopy, RemoveHeadersOnCopy, ); }; };
		F495572E2D231CF700D6B8A6 /* Azoth.framework in Embed Frameworks */ = {isa = PBXBuildFile; fileRef = F41BC6522D0A61BA00E61EDD /* Azoth.framework */; settings = {ATTRIBUTES = (CodeSignOnCopy, RemoveHeadersOnCopy, ); }; };
		F4BD7EF52D2654CB0041034B /* SDL3_ttf.xcframework in Embed Frameworks */ = {isa = PBXBuildFile; fileRef = F49533802D1F841200D6B8A6 /* SDL3_ttf.xcframework */; settings = {ATTRIBUTES = (CodeSignOnCopy, RemoveHeadersOnCopy, ); }; };
		F4BD7EF62D2654CB0041034B /* SDL3.xcframework in Embed Frameworks */ = {isa = PBXBuildFile; fileRef = F495337E2D1F840800D6B8A6 /* SDL3.xcframework */; settings = {ATTRIBUTES = (CodeSignOnCopy, RemoveHeadersOnCopy, ); }; };
		F4BD7EF72D2654CB0041034B /* SDL3_image.xcframework in Embed Frameworks */ = {isa = PBXBuildFile; fileRef = F45ED9372D11471000CE8B28 /* SDL3_image.xcframework */; settings = {ATTRIBUTES = (CodeSignOnCopy, RemoveHeadersOnCopy, ); }; };
		F4BD7EF82D2654CB0041034B /* avif.xcframework in Embed Frameworks */ = {isa = PBXBuildFile; fileRef = F45ED9252D1145B900CE8B28 /* avif.xcframework */; settings = {ATTRIBUTES = (CodeSignOnCopy, RemoveHeadersOnCopy, ); }; };
		F4BD7EF92D2654CB0041034B /* jxl.xcframework in Embed Frameworks */ = {isa = PBXBuildFile; fileRef = F45ED9242D1145B900CE8B28 /* jxl.xcframework */; settings = {ATTRIBUTES = (CodeSignOnCopy, RemoveHeadersOnCopy, ); }; };
		F4BD7EFA2D2654CB0041034B /* webp.xcframework in Embed Frameworks */ = {isa = PBXBuildFile; fileRef = F45ED9232D1145B900CE8B28 /* webp.xcframework */; settings = {ATTRIBUTES = (CodeSignOnCopy, RemoveHeadersOnCopy, ); }; };
		F4BD7EFB2D2654CE0041034B /* Azoth.framework in Embed Frameworks */ = {isa = PBXBuildFile; fileRef = F41BC6522D0A61BA00E61EDD /* Azoth.framework */; settings = {ATTRIBUTES = (CodeSignOnCopy, RemoveHeadersOnCopy, ); }; };
		F4BD7EFD2D2654F10041034B /* SDL3_ttf.xcframework in Frameworks */ = {isa = PBXBuildFile; fileRef = F49533802D1F841200D6B8A6 /* SDL3_ttf.xcframework */; };
		F4BD7EFE2D2654F10041034B /* SDL3.xcframework in Frameworks */ = {isa = PBXBuildFile; fileRef = F495337E2D1F840800D6B8A6 /* SDL3.xcframework */; };
		F4BD7EFF2D2654F10041034B /* SDL3_image.xcframework in Frameworks */ = {isa = PBXBuildFile; fileRef = F45ED9372D11471000CE8B28 /* SDL3_image.xcframework */; };
		F4BD7F002D2654F10041034B /* avif.xcframework in Frameworks */ = {isa = PBXBuildFile; fileRef = F45ED9252D1145B900CE8B28 /* avif.xcframework */; };
		F4BD7F012D2654F10041034B /* jxl.xcframework in Frameworks */ = {isa = PBXBuildFile; fileRef = F45ED9242D1145B900CE8B28 /* jxl.xcframework */; };
		F4BD7F022D2654F10041034B /* webp.xcframework in Frameworks */ = {isa = PBXBuildFile; fileRef = F45ED9232D1145B900CE8B28 /* webp.xcframework */; };
		F4BD7F032D2654F50041034B /* Azoth.framework in Frameworks */ = {isa = PBXBuildFile; fileRef = F41BC6522D0A61BA00E61EDD /* Azoth.framework */; };
		F4BD7F792D27B02B0041034B /* xib2zib in CopyFiles */ = {isa = PBXBuildFile; fileRef = F4BD7F5B2D279E3C0041034B /* xib2zib */; settings = {ATTRIBUTES = (CodeSignOnCopy, ); }; };
/* End PBXBuildFile section */

/* Begin PBXContainerItemProxy section */
		F41BC6AF2D0A720700E61EDD /* PBXContainerItemProxy */ = {
			isa = PBXContainerItemProxy;
			containerPortal = F41BC6492D0A61BA00E61EDD /* Project object */;
			proxyType = 1;
			remoteGlobalIDString = F41BC6512D0A61BA00E61EDD;
			remoteInfo = Azoth;
		};
		F4BD80142D2A293C0041034B /* PBXContainerItemProxy */ = {
			isa = PBXContainerItemProxy;
			containerPortal = F41BC6492D0A61BA00E61EDD /* Project object */;
			proxyType = 1;
			remoteGlobalIDString = F41BC6512D0A61BA00E61EDD;
			remoteInfo = Azoth;
		};
		F4BD80162D2A293D0041034B /* PBXContainerItemProxy */ = {
			isa = PBXContainerItemProxy;
			containerPortal = F41BC6492D0A61BA00E61EDD /* Project object */;
			proxyType = 1;
			remoteGlobalIDString = F41BC69B2D0A71FD00E61EDD;
			remoteInfo = AZDemo;
		};
		F4BD80182D2A29400041034B /* PBXContainerItemProxy */ = {
			isa = PBXContainerItemProxy;
			containerPortal = F41BC6492D0A61BA00E61EDD /* Project object */;
			proxyType = 1;
			remoteGlobalIDString = F4B6A3B52D0F84C00033580D;
			remoteInfo = genRsrc;
		};
		F4BD801A2D2A29420041034B /* PBXContainerItemProxy */ = {
			isa = PBXContainerItemProxy;
			containerPortal = F41BC6492D0A61BA00E61EDD /* Project object */;
			proxyType = 1;
			remoteGlobalIDString = F495282A2D1F496200D6B8A6;
			remoteInfo = AZTable;
		};
		F4BD801C2D2A29440041034B /* PBXContainerItemProxy */ = {
			isa = PBXContainerItemProxy;
			containerPortal = F41BC6492D0A61BA00E61EDD /* Project object */;
			proxyType = 1;
			remoteGlobalIDString = F49557072D231A2A00D6B8A6;
			remoteInfo = AZImageView;
		};
		F4BD801E2D2A29460041034B /* PBXContainerItemProxy */ = {
			isa = PBXContainerItemProxy;
			containerPortal = F41BC6492D0A61BA00E61EDD /* Project object */;
			proxyType = 1;
			remoteGlobalIDString = F454E1FC2D24D1DA002D2DAB;
			remoteInfo = AZOutline;
		};
		F4BD80202D2A29480041034B /* PBXContainerItemProxy */ = {
			isa = PBXContainerItemProxy;
			containerPortal = F41BC6492D0A61BA00E61EDD /* Project object */;
			proxyType = 1;
			remoteGlobalIDString = F4BD7ECF2D2651E80041034B;
			remoteInfo = NibTest;
		};
		F4BD80222D2A294A0041034B /* PBXContainerItemProxy */ = {
			isa = PBXContainerItemProxy;
			containerPortal = F41BC6492D0A61BA00E61EDD /* Project object */;
			proxyType = 1;
			remoteGlobalIDString = F4BD7F5A2D279E3C0041034B;
			remoteInfo = xib2zib;
		};
/* End PBXContainerItemProxy section */

/* Begin PBXCopyFilesBuildPhase section */
		F41BC6B12D0A720700E61EDD /* Embed Frameworks */ = {
			isa = PBXCopyFilesBuildPhase;
			buildActionMask = 2147483647;
			dstPath = "";
			dstSubfolderSpec = 10;
			files = (
				F49533892D1F8DD100D6B8A6 /* SDL3_ttf.xcframework in Embed Frameworks */,
				F495338A2D1F8DD300D6B8A6 /* SDL3.xcframework in Embed Frameworks */,
				F45ED93A2D11480800CE8B28 /* SDL3_image.xcframework in Embed Frameworks */,
				F45ED93B2D11480A00CE8B28 /* avif.xcframework in Embed Frameworks */,
				F45ED93C2D11480D00CE8B28 /* jxl.xcframework in Embed Frameworks */,
				F41BC6AE2D0A720700E61EDD /* Azoth.framework in Embed Frameworks */,
				F45ED9402D11481600CE8B28 /* webp.xcframework in Embed Frameworks */,
			);
			name = "Embed Frameworks";
			runOnlyForDeploymentPostprocessing = 0;
		};
		F454E2172D24DFAC002D2DAB /* Embed Frameworks */ = {
			isa = PBXCopyFilesBuildPhase;
			buildActionMask = 2147483647;
			dstPath = "";
			dstSubfolderSpec = 10;
			files = (
				F454E21E2D24DFCE002D2DAB /* Azoth.framework in Embed Frameworks */,
				F454E2182D24DFBD002D2DAB /* SDL3_ttf.xcframework in Embed Frameworks */,
				F454E2192D24DFBD002D2DAB /* SDL3.xcframework in Embed Frameworks */,
				F454E21A2D24DFBD002D2DAB /* SDL3_image.xcframework in Embed Frameworks */,
				F454E21B2D24DFBD002D2DAB /* avif.xcframework in Embed Frameworks */,
				F454E21C2D24DFBD002D2DAB /* jxl.xcframework in Embed Frameworks */,
				F454E21D2D24DFBD002D2DAB /* webp.xcframework in Embed Frameworks */,
			);
			name = "Embed Frameworks";
			runOnlyForDeploymentPostprocessing = 0;
		};
		F49528462D1F4C6300D6B8A6 /* Embed Frameworks */ = {
			isa = PBXCopyFilesBuildPhase;
			buildActionMask = 2147483647;
			dstPath = "";
			dstSubfolderSpec = 10;
			files = (
				F49533832D1F841B00D6B8A6 /* SDL3.xcframework in Embed Frameworks */,
				F49533822D1F841800D6B8A6 /* SDL3_ttf.xcframework in Embed Frameworks */,
				F49528482D1F4C8000D6B8A6 /* SDL3_image.xcframework in Embed Frameworks */,
				F49528492D1F4C8000D6B8A6 /* avif.xcframework in Embed Frameworks */,
				F495284A2D1F4C8000D6B8A6 /* jxl.xcframework in Embed Frameworks */,
				F495284E2D1F4C8000D6B8A6 /* Azoth.framework in Embed Frameworks */,
				F495284D2D1F4C8000D6B8A6 /* webp.xcframework in Embed Frameworks */,
			);
			name = "Embed Frameworks";
			runOnlyForDeploymentPostprocessing = 0;
		};
		F49557272D231CD900D6B8A6 /* Embed Frameworks */ = {
			isa = PBXCopyFilesBuildPhase;
			buildActionMask = 2147483647;
			dstPath = "";
			dstSubfolderSpec = 10;
			files = (
				F495572E2D231CF700D6B8A6 /* Azoth.framework in Embed Frameworks */,
				F49557282D231CEA00D6B8A6 /* SDL3_ttf.xcframework in Embed Frameworks */,
				F49557292D231CEA00D6B8A6 /* SDL3.xcframework in Embed Frameworks */,
				F495572A2D231CEA00D6B8A6 /* SDL3_image.xcframework in Embed Frameworks */,
				F495572B2D231CEA00D6B8A6 /* avif.xcframework in Embed Frameworks */,
				F495572C2D231CEA00D6B8A6 /* jxl.xcframework in Embed Frameworks */,
				F495572D2D231CEA00D6B8A6 /* webp.xcframework in Embed Frameworks */,
			);
			name = "Embed Frameworks";
			runOnlyForDeploymentPostprocessing = 0;
		};
		F4B6A3D02D0F86C70033580D /* Embed frameworks */ = {
			isa = PBXCopyFilesBuildPhase;
			buildActionMask = 2147483647;
			dstPath = "";
			dstSubfolderSpec = 10;
			files = (
				F4953EDD2D20EFD000D6B8A6 /* SDL3_image.xcframework in Embed frameworks */,
				F4953EDF2D20EFD400D6B8A6 /* avif.xcframework in Embed frameworks */,
				F4953EE02D20EFD500D6B8A6 /* jxl.xcframework in Embed frameworks */,
				F4953EE12D20EFD600D6B8A6 /* webp.xcframework in Embed frameworks */,
				F4953EDE2D20EFD200D6B8A6 /* SDL3.xcframework in Embed frameworks */,
			);
			name = "Embed frameworks";
			runOnlyForDeploymentPostprocessing = 0;
		};
		F4BD7EFC2D2654D50041034B /* Embed Frameworks */ = {
			isa = PBXCopyFilesBuildPhase;
			buildActionMask = 2147483647;
			dstPath = "";
			dstSubfolderSpec = 10;
			files = (
				F4BD7EFB2D2654CE0041034B /* Azoth.framework in Embed Frameworks */,
				F4BD7EFA2D2654CB0041034B /* webp.xcframework in Embed Frameworks */,
				F4BD7EF52D2654CB0041034B /* SDL3_ttf.xcframework in Embed Frameworks */,
				F4BD7EF82D2654CB0041034B /* avif.xcframework in Embed Frameworks */,
				F4BD7EF92D2654CB0041034B /* jxl.xcframework in Embed Frameworks */,
				F4BD7EF62D2654CB0041034B /* SDL3.xcframework in Embed Frameworks */,
				F4BD7EF72D2654CB0041034B /* SDL3_image.xcframework in Embed Frameworks */,
			);
			name = "Embed Frameworks";
			runOnlyForDeploymentPostprocessing = 0;
		};
		F4BD7F592D279E3C0041034B /* CopyFiles */ = {
			isa = PBXCopyFilesBuildPhase;
			buildActionMask = 2147483647;
			dstPath = "$(HOME)/bin";
			dstSubfolderSpec = 0;
			files = (
				F4BD7F792D27B02B0041034B /* xib2zib in CopyFiles */,
			);
			runOnlyForDeploymentPostprocessing = 0;
		};
/* End PBXCopyFilesBuildPhase section */

/* Begin PBXFileReference section */
		F41BC6522D0A61BA00E61EDD /* Azoth.framework */ = {isa = PBXFileReference; explicitFileType = wrapper.framework; includeInIndex = 0; path = Azoth.framework; sourceTree = BUILT_PRODUCTS_DIR; };
		F41BC69C2D0A71FD00E61EDD /* AZDemo.app */ = {isa = PBXFileReference; explicitFileType = wrapper.application; includeInIndex = 0; path = AZDemo.app; sourceTree = BUILT_PRODUCTS_DIR; };
		F454E1FD2D24D1DA002D2DAB /* AZOutline.app */ = {isa = PBXFileReference; explicitFileType = wrapper.application; includeInIndex = 0; path = AZOutline.app; sourceTree = BUILT_PRODUCTS_DIR; };
		F45ED9232D1145B900CE8B28 /* webp.xcframework */ = {isa = PBXFileReference; lastKnownFileType = wrapper.xcframework; name = webp.xcframework; path = ../../../../opt/SDL3/webp.xcframework; sourceTree = "<group>"; };
		F45ED9242D1145B900CE8B28 /* jxl.xcframework */ = {isa = PBXFileReference; lastKnownFileType = wrapper.xcframework; name = jxl.xcframework; path = ../../../../opt/SDL3/jxl.xcframework; sourceTree = "<group>"; };
		F45ED9252D1145B900CE8B28 /* avif.xcframework */ = {isa = PBXFileReference; lastKnownFileType = wrapper.xcframework; name = avif.xcframework; path = ../../../../opt/SDL3/avif.xcframework; sourceTree = "<group>"; };
		F45ED9372D11471000CE8B28 /* SDL3_image.xcframework */ = {isa = PBXFileReference; lastKnownFileType = wrapper.xcframework; name = SDL3_image.xcframework; path = ../../../../opt/SDL3/SDL3_image.xcframework; sourceTree = "<group>"; };
		F495282B2D1F496200D6B8A6 /* AZTable.app */ = {isa = PBXFileReference; explicitFileType = wrapper.application; includeInIndex = 0; path = AZTable.app; sourceTree = BUILT_PRODUCTS_DIR; };
		F495337E2D1F840800D6B8A6 /* SDL3.xcframework */ = {isa = PBXFileReference; lastKnownFileType = wrapper.xcframework; name = SDL3.xcframework; path = ../../../../opt/SDL3/SDL3.xcframework; sourceTree = "<group>"; };
		F49533802D1F841200D6B8A6 /* SDL3_ttf.xcframework */ = {isa = PBXFileReference; lastKnownFileType = wrapper.xcframework; name = SDL3_ttf.xcframework; path = ../../../../opt/SDL3/SDL3_ttf.xcframework; sourceTree = "<group>"; };
		F49557082D231A2A00D6B8A6 /* AZImageView.app */ = {isa = PBXFileReference; explicitFileType = wrapper.application; includeInIndex = 0; path = AZImageView.app; sourceTree = BUILT_PRODUCTS_DIR; };
		F4B6A1402D0BB0E80033580D /* README.md */ = {isa = PBXFileReference; lastKnownFileType = net.daringfireball.markdown; path = README.md; sourceTree = "<group>"; };
		F4B6A3B62D0F84C00033580D /* genRsrc.app */ = {isa = PBXFileReference; explicitFileType = wrapper.application; includeInIndex = 0; path = genRsrc.app; sourceTree = BUILT_PRODUCTS_DIR; };
		F4BD7ED02D2651E80041034B /* NibTest.app */ = {isa = PBXFileReference; explicitFileType = wrapper.application; includeInIndex = 0; path = NibTest.app; sourceTree = BUILT_PRODUCTS_DIR; };
		F4BD7F5B2D279E3C0041034B /* xib2zib */ = {isa = PBXFileReference; explicitFileType = "compiled.mach-o.executable"; includeInIndex = 0; path = xib2zib; sourceTree = BUILT_PRODUCTS_DIR; };
/* End PBXFileReference section */

/* Begin PBXFileSystemSynchronizedBuildFileExceptionSet section */
		F41BC6572D0A61BA00E61EDD /* Exceptions for "Azoth" folder in "Azoth" target */ = {
			isa = PBXFileSystemSynchronizedBuildFileExceptionSet;
			publicHeaders = (
				Azoth.h,
				Classes/Application/AZAppDelegate.h,
				Classes/Application/AZApplication.h,
				Classes/Application/AZEvent.h,
				Classes/Application/AZEventSink.h,
				Classes/Application/AZWindow.h,
				Classes/Application/Controllers/AZViewController.h,
				Classes/Application/ZIB/AZZib.h,
				"Classes/Application/ZIB/NSBundle+ZIB.h",
				"Classes/Application/ZIB/NSDictionary+ZIB.h",
				Classes/Base/AZControl.h,
				Classes/Base/AZResponder.h,
				Classes/Controls/AZButton.h,
				Classes/Controls/AZPopupButton.h,
				Classes/Controls/AZScroller.h,
				Classes/Controls/AZSegmentedControl.h,
				Classes/Controls/AZSlider.h,
				Classes/Controls/AZTextField.h,
				Classes/Drawing/AZColour.h,
				Classes/Drawing/AZFont.h,
				Classes/Drawing/AZGlyphData.h,
				Classes/Drawing/AZPainter.h,
				Classes/Drawing/AZRenderer.h,
				Classes/Drawing/AZTextPainter.h,
				Classes/Drawing/Image/AZImage.h,
				Classes/Menu/AZMenu.h,
				Classes/Menu/AZMenuItem.h,
				Classes/Utility/AZGeometry.h,
				Classes/Utility/AZNotifications.h,
				Classes/Utility/AZObject.h,
				Classes/Utility/AZTransform.h,
				Classes/Utility/AZTypes.h,
				Classes/View/AZImageView.h,
				Classes/View/AZSplitView.h,
				Classes/View/AZView.h,
				Classes/View/OutlineView/AZOutlineView.h,
				Classes/View/Scrollview/AZClipView.h,
				Classes/View/Scrollview/AZRulerView.h,
				Classes/View/Scrollview/AZScrollView.h,
				Classes/View/TableView/AZTableColumn.h,
				Classes/View/TableView/AZTableCornerView.h,
				Classes/View/TableView/AZTableHeaderView.h,
				Classes/View/TableView/AZTableView.h,
			);
			target = F41BC6512D0A61BA00E61EDD /* Azoth */;
		};
		F4B3BF2D2D264D7C000C343A /* Exceptions for "Tests" folder in "Azoth" target */ = {
			isa = PBXFileSystemSynchronizedBuildFileExceptionSet;
			membershipExceptions = (
				AZDemo/AppDelegate.h,
				AZDemo/AppDelegate.m,
				AZDemo/Assets.xcassets,
				AZDemo/ColouredView.h,
				AZDemo/ColouredView.m,
				AZDemo/Frameworks,
				AZDemo/IdentifiedView.h,
				AZDemo/IdentifiedView.m,
				AZDemo/Resources/texture.png,
				AZDemo/startup.m,
				AZImageView/AppDelegate.h,
				AZImageView/AppDelegate.m,
				AZImageView/Assets.xcassets,
				AZImageView/main.m,
				AZImageView/Resources/large.png,
				AZImageView/Resources/medium.png,
				AZOutline/AppDelegate.h,
				AZOutline/AppDelegate.m,
				AZOutline/Assets.xcassets,
				AZOutline/main.m,
				AZOutline/Node.h,
				AZOutline/Node.m,
				AZTable/AppDelegate.h,
				AZTable/AppDelegate.m,
				AZTable/Assets.xcassets,
				AZTable/main.m,
				NibTest/AppDelegate.h,
				NibTest/AppDelegate.m,
				NibTest/Assets.xcassets,
				NibTest/main.m,
				NibTest/NibView.m,
				NibTest/view.xib,
			);
			target = F41BC6512D0A61BA00E61EDD /* Azoth */;
		};
		F4B3BF2E2D264D7C000C343A /* Exceptions for "Tests" folder in "AZDemo" target */ = {
			isa = PBXFileSystemSynchronizedBuildFileExceptionSet;
			membershipExceptions = (
				AZDemo/AppDelegate.m,
				AZDemo/Assets.xcassets,
				AZDemo/ColouredView.m,
				AZDemo/IdentifiedView.m,
				AZDemo/Resources/texture.png,
				AZDemo/startup.m,
			);
			target = F41BC69B2D0A71FD00E61EDD /* AZDemo */;
		};
		F4B3BF2F2D264D7C000C343A /* Exceptions for "Tests" folder in "AZTable" target */ = {
			isa = PBXFileSystemSynchronizedBuildFileExceptionSet;
			membershipExceptions = (
				AZTable/AppDelegate.m,
				AZTable/Assets.xcassets,
				AZTable/main.m,
			);
			target = F495282A2D1F496200D6B8A6 /* AZTable */;
		};
		F4B3BF302D264D7C000C343A /* Exceptions for "Tests" folder in "AZImageView" target */ = {
			isa = PBXFileSystemSynchronizedBuildFileExceptionSet;
			membershipExceptions = (
				AZImageView/AppDelegate.m,
				AZImageView/Assets.xcassets,
				AZImageView/main.m,
				AZImageView/Resources/large.png,
				AZImageView/Resources/medium.png,
			);
			target = F49557072D231A2A00D6B8A6 /* AZImageView */;
		};
		F4B3BF312D264D7C000C343A /* Exceptions for "Tests" folder in "AZOutline" target */ = {
			isa = PBXFileSystemSynchronizedBuildFileExceptionSet;
			membershipExceptions = (
				AZOutline/AppDelegate.m,
				AZOutline/Assets.xcassets,
				AZOutline/main.m,
				AZOutline/Node.m,
			);
			target = F454E1FC2D24D1DA002D2DAB /* AZOutline */;
		};
		F4B3BF442D264D91000C343A /* Exceptions for "Tools" folder in "Azoth" target */ = {
			isa = PBXFileSystemSynchronizedBuildFileExceptionSet;
			membershipExceptions = (
				genRsrc/App.m,
				genRsrc/Assets.xcassets,
				genRsrc/Resources/cursors,
				genRsrc/Resources/hud,
				genRsrc/Resources/icons,
				genRsrc/Resources/ui,
				genRsrc/RsrcMaker.h,
				genRsrc/RsrcMaker.m,
				xib2zib/ArgParser.h,
				xib2zib/ArgParser.m,
				xib2zib/AZDictionary.m,
				xib2zib/main.m,
			);
			target = F41BC6512D0A61BA00E61EDD /* Azoth */;
		};
		F4B3BF452D264D91000C343A /* Exceptions for "Tools" folder in "genRsrc" target */ = {
			isa = PBXFileSystemSynchronizedBuildFileExceptionSet;
			membershipExceptions = (
				genRsrc/App.m,
				genRsrc/Resources/cursors,
				genRsrc/Resources/hud,
				genRsrc/Resources/icons,
				genRsrc/Resources/ui,
				genRsrc/RsrcMaker.m,
			);
			target = F4B6A3B52D0F84C00033580D /* genRsrc */;
		};
		F4B3BF462D264E46000C343A /* Exceptions for "Documentation" folder in "Azoth" target */ = {
			isa = PBXFileSystemSynchronizedBuildFileExceptionSet;
			membershipExceptions = (
				Cocotron.md,
				SDL2_gfxPrimitives.md,
				"theory-of-operation.md",
				TODO.md,
			);
			target = F41BC6512D0A61BA00E61EDD /* Azoth */;
		};
		F4BD7EEC2D2651EE0041034B /* Exceptions for "Tests" folder in "NibTest" target */ = {
			isa = PBXFileSystemSynchronizedBuildFileExceptionSet;
			membershipExceptions = (
				AZOutline/Node.m,
				NibTest/AppDelegate.m,
				NibTest/Assets.xcassets,
				NibTest/main.m,
				NibTest/NibView.m,
				NibTest/Resources/main.zib,
			);
			target = F4BD7ECF2D2651E80041034B /* NibTest */;
		};
		F4BD7F652D279E970041034B /* Exceptions for "Tools" folder in "xib2zib" target */ = {
			isa = PBXFileSystemSynchronizedBuildFileExceptionSet;
			membershipExceptions = (
				xib2zib/ArgParser.m,
				xib2zib/AZDictionary.m,
				xib2zib/AZZibber.m,
				xib2zib/main.m,
			);
			target = F4BD7F5A2D279E3C0041034B /* xib2zib */;
		};
/* End PBXFileSystemSynchronizedBuildFileExceptionSet section */

/* Begin PBXFileSystemSynchronizedRootGroup section */
		F41BC6542D0A61BA00E61EDD /* Azoth */ = {
			isa = PBXFileSystemSynchronizedRootGroup;
			exceptions = (
				F41BC6572D0A61BA00E61EDD /* Exceptions for "Azoth" folder in "Azoth" target */,
			);
			path = Azoth;
			sourceTree = "<group>";
		};
		F4B3BD662D25CD73000C343A /* Documentation */ = {
			isa = PBXFileSystemSynchronizedRootGroup;
			exceptions = (
				F4B3BF462D264E46000C343A /* Exceptions for "Documentation" folder in "Azoth" target */,
			);
			path = Documentation;
			sourceTree = "<group>";
		};
		F4B3BEF42D264D66000C343A /* Tests */ = {
			isa = PBXFileSystemSynchronizedRootGroup;
			exceptions = (
				F4B3BF2D2D264D7C000C343A /* Exceptions for "Tests" folder in "Azoth" target */,
				F4B3BF2E2D264D7C000C343A /* Exceptions for "Tests" folder in "AZDemo" target */,
				F4B3BF2F2D264D7C000C343A /* Exceptions for "Tests" folder in "AZTable" target */,
				F4B3BF302D264D7C000C343A /* Exceptions for "Tests" folder in "AZImageView" target */,
				F4B3BF312D264D7C000C343A /* Exceptions for "Tests" folder in "AZOutline" target */,
				F4BD7EEC2D2651EE0041034B /* Exceptions for "Tests" folder in "NibTest" target */,
			);
			path = Tests;
			sourceTree = "<group>";
		};
		F4B3BF322D264D84000C343A /* Tools */ = {
			isa = PBXFileSystemSynchronizedRootGroup;
			exceptions = (
				F4B3BF442D264D91000C343A /* Exceptions for "Tools" folder in "Azoth" target */,
				F4B3BF452D264D91000C343A /* Exceptions for "Tools" folder in "genRsrc" target */,
				F4BD7F652D279E970041034B /* Exceptions for "Tools" folder in "xib2zib" target */,
			);
			explicitFolders = (
				genRsrc/Resources/cursors,
				genRsrc/Resources/hud,
				genRsrc/Resources/icons,
				genRsrc/Resources/ui,
			);
			path = Tools;
			sourceTree = "<group>";
		};
/* End PBXFileSystemSynchronizedRootGroup section */

/* Begin PBXFrameworksBuildPhase section */
		F41BC64F2D0A61BA00E61EDD /* Frameworks */ = {
			isa = PBXFrameworksBuildPhase;
			buildActionMask = 2147483647;
			files = (
				F49533852D1F842500D6B8A6 /* SDL3.xcframework in Frameworks */,
				F49533842D1F842200D6B8A6 /* SDL3_ttf.xcframework in Frameworks */,
				F45ED9312D1146DE00CE8B28 /* avif.xcframework in Frameworks */,
				F45ED9322D1146DE00CE8B28 /* jxl.xcframework in Frameworks */,
				F45ED9382D11471000CE8B28 /* SDL3_image.xcframework in Frameworks */,
				F45ED9362D1146DE00CE8B28 /* webp.xcframework in Frameworks */,
			);
			runOnlyForDeploymentPostprocessing = 0;
		};
		F41BC6992D0A71FD00E61EDD /* Frameworks */ = {
			isa = PBXFrameworksBuildPhase;
			buildActionMask = 2147483647;
			files = (
				F49533872D1F8DCA00D6B8A6 /* SDL3.xcframework in Frameworks */,
				F49533882D1F8DCD00D6B8A6 /* SDL3_ttf.xcframework in Frameworks */,
				F45ED92A2D1145BA00CE8B28 /* webp.xcframework in Frameworks */,
				F45ED92B2D1145BA00CE8B28 /* jxl.xcframework in Frameworks */,
				F45ED92C2D1145BA00CE8B28 /* avif.xcframework in Frameworks */,
				F45ED9392D1147EB00CE8B28 /* SDL3_image.xcframework in Frameworks */,
				F41BC6AD2D0A720700E61EDD /* Azoth.framework in Frameworks */,
			);
			runOnlyForDeploymentPostprocessing = 0;
		};
		F454E1FA2D24D1DA002D2DAB /* Frameworks */ = {
			isa = PBXFrameworksBuildPhase;
			buildActionMask = 2147483647;
			files = (
				F454E2162D24DFA6002D2DAB /* Azoth.framework in Frameworks */,
				F454E2102D24DFA1002D2DAB /* SDL3_ttf.xcframework in Frameworks */,
				F454E2112D24DFA1002D2DAB /* SDL3.xcframework in Frameworks */,
				F454E2122D24DFA1002D2DAB /* SDL3_image.xcframework in Frameworks */,
				F454E2132D24DFA1002D2DAB /* avif.xcframework in Frameworks */,
				F454E2142D24DFA1002D2DAB /* jxl.xcframework in Frameworks */,
				F454E2152D24DFA1002D2DAB /* webp.xcframework in Frameworks */,
			);
			runOnlyForDeploymentPostprocessing = 0;
		};
		F49528282D1F496200D6B8A6 /* Frameworks */ = {
			isa = PBXFrameworksBuildPhase;
			buildActionMask = 2147483647;
			files = (
				F49528442D1F4B3100D6B8A6 /* webp.xcframework in Frameworks */,
				F49533812D1F841200D6B8A6 /* SDL3_ttf.xcframework in Frameworks */,
				F49533862D1F8DAB00D6B8A6 /* SDL3_image.xcframework in Frameworks */,
				F495337F2D1F840800D6B8A6 /* SDL3.xcframework in Frameworks */,
				F49528412D1F4B3100D6B8A6 /* jxl.xcframework in Frameworks */,
				F49528402D1F4B3100D6B8A6 /* avif.xcframework in Frameworks */,
				F49528452D1F4B4700D6B8A6 /* Azoth.framework in Frameworks */,
			);
			runOnlyForDeploymentPostprocessing = 0;
		};
		F49557052D231A2A00D6B8A6 /* Frameworks */ = {
			isa = PBXFrameworksBuildPhase;
			buildActionMask = 2147483647;
			files = (
				F49557262D231CD100D6B8A6 /* Azoth.framework in Frameworks */,
				F49557202D231CC800D6B8A6 /* SDL3_ttf.xcframework in Frameworks */,
				F49557212D231CC800D6B8A6 /* SDL3.xcframework in Frameworks */,
				F49557222D231CC800D6B8A6 /* SDL3_image.xcframework in Frameworks */,
				F49557232D231CC800D6B8A6 /* avif.xcframework in Frameworks */,
				F49557242D231CC800D6B8A6 /* jxl.xcframework in Frameworks */,
				F49557252D231CC800D6B8A6 /* webp.xcframework in Frameworks */,
			);
			runOnlyForDeploymentPostprocessing = 0;
		};
		F4B6A3B32D0F84C00033580D /* Frameworks */ = {
			isa = PBXFrameworksBuildPhase;
			buildActionMask = 2147483647;
			files = (
				F4953EDB2D20EFC400D6B8A6 /* jxl.xcframework in Frameworks */,
				F4953EDA2D20EFC300D6B8A6 /* avif.xcframework in Frameworks */,
				F4953ED82D20EFBF00D6B8A6 /* SDL3.xcframework in Frameworks */,
				F4953EDC2D20EFC600D6B8A6 /* webp.xcframework in Frameworks */,
				F4953ED92D20EFC000D6B8A6 /* SDL3_image.xcframework in Frameworks */,
			);
			runOnlyForDeploymentPostprocessing = 0;
		};
		F4BD7ECD2D2651E80041034B /* Frameworks */ = {
			isa = PBXFrameworksBuildPhase;
			buildActionMask = 2147483647;
			files = (
				F4BD7F032D2654F50041034B /* Azoth.framework in Frameworks */,
				F4BD7EFD2D2654F10041034B /* SDL3_ttf.xcframework in Frameworks */,
				F4BD7EFE2D2654F10041034B /* SDL3.xcframework in Frameworks */,
				F4BD7EFF2D2654F10041034B /* SDL3_image.xcframework in Frameworks */,
				F4BD7F002D2654F10041034B /* avif.xcframework in Frameworks */,
				F4BD7F012D2654F10041034B /* jxl.xcframework in Frameworks */,
				F4BD7F022D2654F10041034B /* webp.xcframework in Frameworks */,
			);
			runOnlyForDeploymentPostprocessing = 0;
		};
		F4BD7F582D279E3C0041034B /* Frameworks */ = {
			isa = PBXFrameworksBuildPhase;
			buildActionMask = 2147483647;
			files = (
			);
			runOnlyForDeploymentPostprocessing = 0;
		};
/* End PBXFrameworksBuildPhase section */

/* Begin PBXGroup section */
		F41BC6482D0A61BA00E61EDD = {
			isa = PBXGroup;
			children = (
				F4B3BD662D25CD73000C343A /* Documentation */,
				F4B6A1402D0BB0E80033580D /* README.md */,
				F41BC6542D0A61BA00E61EDD /* Azoth */,
				F4B3BEF42D264D66000C343A /* Tests */,
				F4B3BF322D264D84000C343A /* Tools */,
				F4B6A11B2D0A977D0033580D /* Frameworks */,
				F41BC6532D0A61BA00E61EDD /* Products */,
			);
			sourceTree = "<group>";
		};
		F41BC6532D0A61BA00E61EDD /* Products */ = {
			isa = PBXGroup;
			children = (
				F41BC6522D0A61BA00E61EDD /* Azoth.framework */,
				F41BC69C2D0A71FD00E61EDD /* AZDemo.app */,
				F4B6A3B62D0F84C00033580D /* genRsrc.app */,
				F495282B2D1F496200D6B8A6 /* AZTable.app */,
				F49557082D231A2A00D6B8A6 /* AZImageView.app */,
				F454E1FD2D24D1DA002D2DAB /* AZOutline.app */,
				F4BD7ED02D2651E80041034B /* NibTest.app */,
				F4BD7F5B2D279E3C0041034B /* xib2zib */,
			);
			name = Products;
			sourceTree = "<group>";
		};
		F4B6A11B2D0A977D0033580D /* Frameworks */ = {
			isa = PBXGroup;
			children = (
				F49533802D1F841200D6B8A6 /* SDL3_ttf.xcframework */,
				F495337E2D1F840800D6B8A6 /* SDL3.xcframework */,
				F45ED9372D11471000CE8B28 /* SDL3_image.xcframework */,
				F45ED9252D1145B900CE8B28 /* avif.xcframework */,
				F45ED9242D1145B900CE8B28 /* jxl.xcframework */,
				F45ED9232D1145B900CE8B28 /* webp.xcframework */,
			);
			name = Frameworks;
			sourceTree = "<group>";
		};
/* End PBXGroup section */

/* Begin PBXHeadersBuildPhase section */
		F41BC64D2D0A61BA00E61EDD /* Headers */ = {
			isa = PBXHeadersBuildPhase;
			buildActionMask = 2147483647;
			files = (
			);
			runOnlyForDeploymentPostprocessing = 0;
		};
/* End PBXHeadersBuildPhase section */

/* Begin PBXNativeTarget section */
		F41BC6512D0A61BA00E61EDD /* Azoth */ = {
			isa = PBXNativeTarget;
			buildConfigurationList = F41BC6582D0A61BA00E61EDD /* Build configuration list for PBXNativeTarget "Azoth" */;
			buildPhases = (
				F41BC64D2D0A61BA00E61EDD /* Headers */,
				F41BC64E2D0A61BA00E61EDD /* Sources */,
				F41BC64F2D0A61BA00E61EDD /* Frameworks */,
				F41BC6502D0A61BA00E61EDD /* Resources */,
			);
			buildRules = (
			);
			dependencies = (
			);
			fileSystemSynchronizedGroups = (
				F41BC6542D0A61BA00E61EDD /* Azoth */,
				F4B3BD662D25CD73000C343A /* Documentation */,
				F4B3BEF42D264D66000C343A /* Tests */,
				F4B3BF322D264D84000C343A /* Tools */,
			);
			name = Azoth;
			packageProductDependencies = (
			);
			productName = Azoth;
			productReference = F41BC6522D0A61BA00E61EDD /* Azoth.framework */;
			productType = "com.apple.product-type.framework";
		};
		F41BC69B2D0A71FD00E61EDD /* AZDemo */ = {
			isa = PBXNativeTarget;
			buildConfigurationList = F41BC6AB2D0A71FE00E61EDD /* Build configuration list for PBXNativeTarget "AZDemo" */;
			buildPhases = (
				F41BC6982D0A71FD00E61EDD /* Sources */,
				F41BC6992D0A71FD00E61EDD /* Frameworks */,
				F41BC69A2D0A71FD00E61EDD /* Resources */,
				F41BC6B12D0A720700E61EDD /* Embed Frameworks */,
			);
			buildRules = (
			);
			dependencies = (
				F41BC6B02D0A720700E61EDD /* PBXTargetDependency */,
			);
			name = AZDemo;
			packageProductDependencies = (
			);
			productName = AZDemo;
			productReference = F41BC69C2D0A71FD00E61EDD /* AZDemo.app */;
			productType = "com.apple.product-type.application";
		};
		F454E1FC2D24D1DA002D2DAB /* AZOutline */ = {
			isa = PBXNativeTarget;
			buildConfigurationList = F454E20A2D24D1DB002D2DAB /* Build configuration list for PBXNativeTarget "AZOutline" */;
			buildPhases = (
				F454E1F92D24D1DA002D2DAB /* Sources */,
				F454E1FA2D24D1DA002D2DAB /* Frameworks */,
				F454E1FB2D24D1DA002D2DAB /* Resources */,
				F454E2172D24DFAC002D2DAB /* Embed Frameworks */,
			);
			buildRules = (
			);
			dependencies = (
			);
			name = AZOutline;
			packageProductDependencies = (
			);
			productName = AZOutline;
			productReference = F454E1FD2D24D1DA002D2DAB /* AZOutline.app */;
			productType = "com.apple.product-type.application";
		};
		F495282A2D1F496200D6B8A6 /* AZTable */ = {
			isa = PBXNativeTarget;
			buildConfigurationList = F49528382D1F496300D6B8A6 /* Build configuration list for PBXNativeTarget "AZTable" */;
			buildPhases = (
				F49528272D1F496200D6B8A6 /* Sources */,
				F49528282D1F496200D6B8A6 /* Frameworks */,
				F49528292D1F496200D6B8A6 /* Resources */,
				F49528462D1F4C6300D6B8A6 /* Embed Frameworks */,
			);
			buildRules = (
			);
			dependencies = (
			);
			name = AZTable;
			packageProductDependencies = (
			);
			productName = AZTable;
			productReference = F495282B2D1F496200D6B8A6 /* AZTable.app */;
			productType = "com.apple.product-type.application";
		};
		F49557072D231A2A00D6B8A6 /* AZImageView */ = {
			isa = PBXNativeTarget;
			buildConfigurationList = F49557152D231A2B00D6B8A6 /* Build configuration list for PBXNativeTarget "AZImageView" */;
			buildPhases = (
				F49557042D231A2A00D6B8A6 /* Sources */,
				F49557052D231A2A00D6B8A6 /* Frameworks */,
				F49557062D231A2A00D6B8A6 /* Resources */,
				F49557272D231CD900D6B8A6 /* Embed Frameworks */,
			);
			buildRules = (
			);
			dependencies = (
			);
			name = AZImageView;
			packageProductDependencies = (
			);
			productName = AZImageView;
			productReference = F49557082D231A2A00D6B8A6 /* AZImageView.app */;
			productType = "com.apple.product-type.application";
		};
		F4B6A3B52D0F84C00033580D /* genRsrc */ = {
			isa = PBXNativeTarget;
			buildConfigurationList = F4B6A3C32D0F84C10033580D /* Build configuration list for PBXNativeTarget "genRsrc" */;
			buildPhases = (
				F4B6A3B22D0F84C00033580D /* Sources */,
				F4B6A3B32D0F84C00033580D /* Frameworks */,
				F4B6A3D02D0F86C70033580D /* Embed frameworks */,
				F49545E42D20F3B100D6B8A6 /* Resources */,
			);
			buildRules = (
			);
			dependencies = (
			);
			name = genRsrc;
			packageProductDependencies = (
			);
			productName = genRsrc;
			productReference = F4B6A3B62D0F84C00033580D /* genRsrc.app */;
			productType = "com.apple.product-type.application";
		};
		F4BD7ECF2D2651E80041034B /* NibTest */ = {
			isa = PBXNativeTarget;
			buildConfigurationList = F4BD7EDD2D2651E90041034B /* Build configuration list for PBXNativeTarget "NibTest" */;
			buildPhases = (
				F4BD7ECC2D2651E80041034B /* Sources */,
				F4BD7ECD2D2651E80041034B /* Frameworks */,
				F4BD7ECE2D2651E80041034B /* Resources */,
				F4BD7EFC2D2654D50041034B /* Embed Frameworks */,
			);
			buildRules = (
			);
			dependencies = (
			);
			name = NibTest;
			packageProductDependencies = (
			);
			productName = NibTest;
			productReference = F4BD7ED02D2651E80041034B /* NibTest.app */;
			productType = "com.apple.product-type.application";
		};
		F4BD7F5A2D279E3C0041034B /* xib2zib */ = {
			isa = PBXNativeTarget;
			buildConfigurationList = F4BD7F5F2D279E3C0041034B /* Build configuration list for PBXNativeTarget "xib2zib" */;
			buildPhases = (
				F4BD7F572D279E3C0041034B /* Sources */,
				F4BD7F582D279E3C0041034B /* Frameworks */,
				F4BD7F592D279E3C0041034B /* CopyFiles */,
			);
			buildRules = (
			);
			dependencies = (
			);
			name = xib2zib;
			packageProductDependencies = (
			);
			productName = xib2zib;
			productReference = F4BD7F5B2D279E3C0041034B /* xib2zib */;
			productType = "com.apple.product-type.tool";
		};
/* End PBXNativeTarget section */

/* Begin PBXProject section */
		F41BC6492D0A61BA00E61EDD /* Project object */ = {
			isa = PBXProject;
			attributes = {
				BuildIndependentTargetsInParallel = 1;
				LastUpgradeCheck = 1610;
				TargetAttributes = {
					F41BC6512D0A61BA00E61EDD = {
						CreatedOnToolsVersion = 16.1;
						LastSwiftMigration = 1610;
					};
					F41BC69B2D0A71FD00E61EDD = {
						CreatedOnToolsVersion = 16.1;
						LastSwiftMigration = 1610;
					};
					F454E1FC2D24D1DA002D2DAB = {
						CreatedOnToolsVersion = 16.1;
					};
					F495282A2D1F496200D6B8A6 = {
						CreatedOnToolsVersion = 16.1;
					};
					F49557072D231A2A00D6B8A6 = {
						CreatedOnToolsVersion = 16.1;
					};
					F4B6A3B52D0F84C00033580D = {
						CreatedOnToolsVersion = 16.1;
					};
					F4BD7ECF2D2651E80041034B = {
						CreatedOnToolsVersion = 16.1;
					};
					F4BD7F5A2D279E3C0041034B = {
						CreatedOnToolsVersion = 16.1;
					};
					F4BD80102D2A29260041034B = {
						CreatedOnToolsVersion = 16.1;
					};
				};
			};
			buildConfigurationList = F41BC64C2D0A61BA00E61EDD /* Build configuration list for PBXProject "Azoth" */;
			developmentRegion = en;
			hasScannedForEncodings = 0;
			knownRegions = (
				en,
				Base,
			);
			mainGroup = F41BC6482D0A61BA00E61EDD;
			minimizedProjectReferenceProxies = 1;
			preferredProjectObjectVersion = 77;
			productRefGroup = F41BC6532D0A61BA00E61EDD /* Products */;
			projectDirPath = "";
			projectRoot = "";
			targets = (
				F4BD80102D2A29260041034B /* All */,
				F41BC6512D0A61BA00E61EDD /* Azoth */,
				F41BC69B2D0A71FD00E61EDD /* AZDemo */,
				F4B6A3B52D0F84C00033580D /* genRsrc */,
				F495282A2D1F496200D6B8A6 /* AZTable */,
				F49557072D231A2A00D6B8A6 /* AZImageView */,
				F454E1FC2D24D1DA002D2DAB /* AZOutline */,
				F4BD7ECF2D2651E80041034B /* NibTest */,
				F4BD7F5A2D279E3C0041034B /* xib2zib */,
			);
		};
/* End PBXProject section */

/* Begin PBXResourcesBuildPhase section */
		F41BC6502D0A61BA00E61EDD /* Resources */ = {
			isa = PBXResourcesBuildPhase;
			buildActionMask = 2147483647;
			files = (
			);
			runOnlyForDeploymentPostprocessing = 0;
		};
		F41BC69A2D0A71FD00E61EDD /* Resources */ = {
			isa = PBXResourcesBuildPhase;
			buildActionMask = 2147483647;
			files = (
			);
			runOnlyForDeploymentPostprocessing = 0;
		};
		F454E1FB2D24D1DA002D2DAB /* Resources */ = {
			isa = PBXResourcesBuildPhase;
			buildActionMask = 2147483647;
			files = (
			);
			runOnlyForDeploymentPostprocessing = 0;
		};
		F49528292D1F496200D6B8A6 /* Resources */ = {
			isa = PBXResourcesBuildPhase;
			buildActionMask = 2147483647;
			files = (
			);
			runOnlyForDeploymentPostprocessing = 0;
		};
		F49545E42D20F3B100D6B8A6 /* Resources */ = {
			isa = PBXResourcesBuildPhase;
			buildActionMask = 2147483647;
			files = (
			);
			runOnlyForDeploymentPostprocessing = 0;
		};
		F49557062D231A2A00D6B8A6 /* Resources */ = {
			isa = PBXResourcesBuildPhase;
			buildActionMask = 2147483647;
			files = (
			);
			runOnlyForDeploymentPostprocessing = 0;
		};
		F4BD7ECE2D2651E80041034B /* Resources */ = {
			isa = PBXResourcesBuildPhase;
			buildActionMask = 2147483647;
			files = (
			);
			runOnlyForDeploymentPostprocessing = 0;
		};
/* End PBXResourcesBuildPhase section */

/* Begin PBXSourcesBuildPhase section */
		F41BC64E2D0A61BA00E61EDD /* Sources */ = {
			isa = PBXSourcesBuildPhase;
			buildActionMask = 2147483647;
			files = (
			);
			runOnlyForDeploymentPostprocessing = 0;
		};
		F41BC6982D0A71FD00E61EDD /* Sources */ = {
			isa = PBXSourcesBuildPhase;
			buildActionMask = 2147483647;
			files = (
			);
			runOnlyForDeploymentPostprocessing = 0;
		};
		F454E1F92D24D1DA002D2DAB /* Sources */ = {
			isa = PBXSourcesBuildPhase;
			buildActionMask = 2147483647;
			files = (
			);
			runOnlyForDeploymentPostprocessing = 0;
		};
		F49528272D1F496200D6B8A6 /* Sources */ = {
			isa = PBXSourcesBuildPhase;
			buildActionMask = 2147483647;
			files = (
			);
			runOnlyForDeploymentPostprocessing = 0;
		};
		F49557042D231A2A00D6B8A6 /* Sources */ = {
			isa = PBXSourcesBuildPhase;
			buildActionMask = 2147483647;
			files = (
			);
			runOnlyForDeploymentPostprocessing = 0;
		};
		F4B6A3B22D0F84C00033580D /* Sources */ = {
			isa = PBXSourcesBuildPhase;
			buildActionMask = 2147483647;
			files = (
			);
			runOnlyForDeploymentPostprocessing = 0;
		};
		F4BD7ECC2D2651E80041034B /* Sources */ = {
			isa = PBXSourcesBuildPhase;
			buildActionMask = 2147483647;
			files = (
			);
			runOnlyForDeploymentPostprocessing = 0;
		};
		F4BD7F572D279E3C0041034B /* Sources */ = {
			isa = PBXSourcesBuildPhase;
			buildActionMask = 2147483647;
			files = (
			);
			runOnlyForDeploymentPostprocessing = 0;
		};
/* End PBXSourcesBuildPhase section */

/* Begin PBXTargetDependency section */
		F41BC6B02D0A720700E61EDD /* PBXTargetDependency */ = {
			isa = PBXTargetDependency;
			target = F41BC6512D0A61BA00E61EDD /* Azoth */;
			targetProxy = F41BC6AF2D0A720700E61EDD /* PBXContainerItemProxy */;
		};
		F4BD80152D2A293C0041034B /* PBXTargetDependency */ = {
			isa = PBXTargetDependency;
			target = F41BC6512D0A61BA00E61EDD /* Azoth */;
			targetProxy = F4BD80142D2A293C0041034B /* PBXContainerItemProxy */;
		};
		F4BD80172D2A293D0041034B /* PBXTargetDependency */ = {
			isa = PBXTargetDependency;
			target = F41BC69B2D0A71FD00E61EDD /* AZDemo */;
			targetProxy = F4BD80162D2A293D0041034B /* PBXContainerItemProxy */;
		};
		F4BD80192D2A29400041034B /* PBXTargetDependency */ = {
			isa = PBXTargetDependency;
			target = F4B6A3B52D0F84C00033580D /* genRsrc */;
			targetProxy = F4BD80182D2A29400041034B /* PBXContainerItemProxy */;
		};
		F4BD801B2D2A29420041034B /* PBXTargetDependency */ = {
			isa = PBXTargetDependency;
			target = F495282A2D1F496200D6B8A6 /* AZTable */;
			targetProxy = F4BD801A2D2A29420041034B /* PBXContainerItemProxy */;
		};
		F4BD801D2D2A29440041034B /* PBXTargetDependency */ = {
			isa = PBXTargetDependency;
			target = F49557072D231A2A00D6B8A6 /* AZImageView */;
			targetProxy = F4BD801C2D2A29440041034B /* PBXContainerItemProxy */;
		};
		F4BD801F2D2A29460041034B /* PBXTargetDependency */ = {
			isa = PBXTargetDependency;
			target = F454E1FC2D24D1DA002D2DAB /* AZOutline */;
			targetProxy = F4BD801E2D2A29460041034B /* PBXContainerItemProxy */;
		};
		F4BD80212D2A29480041034B /* PBXTargetDependency */ = {
			isa = PBXTargetDependency;
			target = F4BD7ECF2D2651E80041034B /* NibTest */;
			targetProxy = F4BD80202D2A29480041034B /* PBXContainerItemProxy */;
		};
		F4BD80232D2A294A0041034B /* PBXTargetDependency */ = {
			isa = PBXTargetDependency;
			target = F4BD7F5A2D279E3C0041034B /* xib2zib */;
			targetProxy = F4BD80222D2A294A0041034B /* PBXContainerItemProxy */;
		};
/* End PBXTargetDependency section */

/* Begin XCBuildConfiguration section */
		F41BC6592D0A61BA00E61EDD /* Debug */ = {
			isa = XCBuildConfiguration;
			buildSettings = {
				CLANG_ALLOW_NON_MODULAR_INCLUDES_IN_FRAMEWORK_MODULES = YES;
				CLANG_ENABLE_MODULES = YES;
				CODE_SIGN_STYLE = Automatic;
				COMBINE_HIDPI_IMAGES = YES;
				CURRENT_PROJECT_VERSION = 1;
				DEFINES_MODULE = YES;
				DYLIB_COMPATIBILITY_VERSION = 1;
				DYLIB_CURRENT_VERSION = 1;
				DYLIB_INSTALL_NAME_BASE = "@rpath";
				ENABLE_MODULE_VERIFIER = NO;
				FRAMEWORK_SEARCH_PATHS = (
					"/opt/SDL3/SDL3.xcframework/macos-arm64_x86_64",
					"/opt/SDL3/SDL3_image.xcframework/macos-arm64_x86_64",
				);
				GENERATE_INFOPLIST_FILE = YES;
				INFOPLIST_KEY_NSHumanReadableCopyright = "";
				INSTALL_PATH = "$(LOCAL_LIBRARY_DIR)/Frameworks";
				LD_RUNPATH_SEARCH_PATHS = (
					"$(inherited)",
					"@executable_path/../Frameworks",
					"@loader_path/Frameworks",
				);
				MACOSX_DEPLOYMENT_TARGET = 13.5;
				MARKETING_VERSION = 1.0;
				MODULE_VERIFIER_SUPPORTED_LANGUAGES = "objective-c objective-c++";
				MODULE_VERIFIER_SUPPORTED_LANGUAGE_STANDARDS = "gnu17 gnu++20";
				PRODUCT_BUNDLE_IDENTIFIER = "net.moebius-tech.Azoth";
				PRODUCT_NAME = "$(TARGET_NAME:c99extidentifier)";
				SKIP_INSTALL = YES;
				SWIFT_EMIT_LOC_STRINGS = YES;
				SWIFT_OPTIMIZATION_LEVEL = "-Onone";
				SWIFT_VERSION = 6.0;
			};
			name = Debug;
		};
		F41BC65A2D0A61BA00E61EDD /* Release */ = {
			isa = XCBuildConfiguration;
			buildSettings = {
				CLANG_ALLOW_NON_MODULAR_INCLUDES_IN_FRAMEWORK_MODULES = YES;
				CLANG_ENABLE_MODULES = YES;
				CODE_SIGN_STYLE = Automatic;
				COMBINE_HIDPI_IMAGES = YES;
				CURRENT_PROJECT_VERSION = 1;
				DEFINES_MODULE = YES;
				DYLIB_COMPATIBILITY_VERSION = 1;
				DYLIB_CURRENT_VERSION = 1;
				DYLIB_INSTALL_NAME_BASE = "@rpath";
				ENABLE_MODULE_VERIFIER = NO;
				FRAMEWORK_SEARCH_PATHS = (
					"/opt/SDL3/SDL3.xcframework/macos-arm64_x86_64",
					"/opt/SDL3/SDL3_image.xcframework/macos-arm64_x86_64",
				);
				GENERATE_INFOPLIST_FILE = YES;
				INFOPLIST_KEY_NSHumanReadableCopyright = "";
				INSTALL_PATH = "$(LOCAL_LIBRARY_DIR)/Frameworks";
				LD_RUNPATH_SEARCH_PATHS = (
					"$(inherited)",
					"@executable_path/../Frameworks",
					"@loader_path/Frameworks",
				);
				MACOSX_DEPLOYMENT_TARGET = 13.5;
				MARKETING_VERSION = 1.0;
				MODULE_VERIFIER_SUPPORTED_LANGUAGES = "objective-c objective-c++";
				MODULE_VERIFIER_SUPPORTED_LANGUAGE_STANDARDS = "gnu17 gnu++20";
				PRODUCT_BUNDLE_IDENTIFIER = "net.moebius-tech.Azoth";
				PRODUCT_NAME = "$(TARGET_NAME:c99extidentifier)";
				SKIP_INSTALL = YES;
				SWIFT_EMIT_LOC_STRINGS = YES;
				SWIFT_VERSION = 6.0;
			};
			name = Release;
		};
		F41BC65B2D0A61BA00E61EDD /* Debug */ = {
			isa = XCBuildConfiguration;
			buildSettings = {
				ALWAYS_SEARCH_USER_PATHS = NO;
				ASSETCATALOG_COMPILER_GENERATE_SWIFT_ASSET_SYMBOL_EXTENSIONS = YES;
				CLANG_ANALYZER_NONNULL = YES;
				CLANG_ANALYZER_NUMBER_OBJECT_CONVERSION = YES_AGGRESSIVE;
				CLANG_CXX_LANGUAGE_STANDARD = "gnu++20";
				CLANG_ENABLE_MODULES = YES;
				CLANG_ENABLE_OBJC_ARC = YES;
				CLANG_ENABLE_OBJC_WEAK = YES;
				CLANG_WARN_BLOCK_CAPTURE_AUTORELEASING = YES;
				CLANG_WARN_BOOL_CONVERSION = YES;
				CLANG_WARN_COMMA = YES;
				CLANG_WARN_CONSTANT_CONVERSION = YES;
				CLANG_WARN_DEPRECATED_OBJC_IMPLEMENTATIONS = YES;
				CLANG_WARN_DIRECT_OBJC_ISA_USAGE = YES_ERROR;
				CLANG_WARN_DOCUMENTATION_COMMENTS = YES;
				CLANG_WARN_EMPTY_BODY = YES;
				CLANG_WARN_ENUM_CONVERSION = YES;
				CLANG_WARN_INFINITE_RECURSION = YES;
				CLANG_WARN_INT_CONVERSION = YES;
				CLANG_WARN_NON_LITERAL_NULL_CONVERSION = YES;
				CLANG_WARN_OBJC_IMPLICIT_RETAIN_SELF = YES;
				CLANG_WARN_OBJC_LITERAL_CONVERSION = YES;
				CLANG_WARN_OBJC_ROOT_CLASS = YES_ERROR;
				CLANG_WARN_QUOTED_INCLUDE_IN_FRAMEWORK_HEADER = YES;
				CLANG_WARN_RANGE_LOOP_ANALYSIS = YES;
				CLANG_WARN_STRICT_PROTOTYPES = YES;
				CLANG_WARN_SUSPICIOUS_MOVE = YES;
				CLANG_WARN_UNGUARDED_AVAILABILITY = YES_AGGRESSIVE;
				CLANG_WARN_UNREACHABLE_CODE = YES;
				CLANG_WARN__DUPLICATE_METHOD_MATCH = YES;
				COPY_PHASE_STRIP = NO;
				CURRENT_PROJECT_VERSION = 1;
				DEBUG_INFORMATION_FORMAT = dwarf;
				ENABLE_STRICT_OBJC_MSGSEND = YES;
				ENABLE_TESTABILITY = YES;
				ENABLE_USER_SCRIPT_SANDBOXING = YES;
				GCC_C_LANGUAGE_STANDARD = gnu17;
				GCC_DYNAMIC_NO_PIC = NO;
				GCC_NO_COMMON_BLOCKS = YES;
				GCC_OPTIMIZATION_LEVEL = 0;
				GCC_PREPROCESSOR_DEFINITIONS = (
					"DEBUG=1",
					"$(inherited)",
				);
				GCC_WARN_64_TO_32_BIT_CONVERSION = YES;
				GCC_WARN_ABOUT_RETURN_TYPE = YES_ERROR;
				GCC_WARN_UNDECLARED_SELECTOR = YES;
				GCC_WARN_UNINITIALIZED_AUTOS = YES_AGGRESSIVE;
				GCC_WARN_UNUSED_FUNCTION = YES;
				GCC_WARN_UNUSED_VARIABLE = YES;
				LOCALIZATION_PREFERS_STRING_CATALOGS = YES;
				MACOSX_DEPLOYMENT_TARGET = 15.1;
				MTL_ENABLE_DEBUG_INFO = INCLUDE_SOURCE;
				MTL_FAST_MATH = YES;
				ONLY_ACTIVE_ARCH = YES;
				SDKROOT = macosx;
				VERSIONING_SYSTEM = "apple-generic";
				VERSION_INFO_PREFIX = "";
			};
			name = Debug;
		};
		F41BC65C2D0A61BA00E61EDD /* Release */ = {
			isa = XCBuildConfiguration;
			buildSettings = {
				ALWAYS_SEARCH_USER_PATHS = NO;
				ASSETCATALOG_COMPILER_GENERATE_SWIFT_ASSET_SYMBOL_EXTENSIONS = YES;
				CLANG_ANALYZER_NONNULL = YES;
				CLANG_ANALYZER_NUMBER_OBJECT_CONVERSION = YES_AGGRESSIVE;
				CLANG_CXX_LANGUAGE_STANDARD = "gnu++20";
				CLANG_ENABLE_MODULES = YES;
				CLANG_ENABLE_OBJC_ARC = YES;
				CLANG_ENABLE_OBJC_WEAK = YES;
				CLANG_WARN_BLOCK_CAPTURE_AUTORELEASING = YES;
				CLANG_WARN_BOOL_CONVERSION = YES;
				CLANG_WARN_COMMA = YES;
				CLANG_WARN_CONSTANT_CONVERSION = YES;
				CLANG_WARN_DEPRECATED_OBJC_IMPLEMENTATIONS = YES;
				CLANG_WARN_DIRECT_OBJC_ISA_USAGE = YES_ERROR;
				CLANG_WARN_DOCUMENTATION_COMMENTS = YES;
				CLANG_WARN_EMPTY_BODY = YES;
				CLANG_WARN_ENUM_CONVERSION = YES;
				CLANG_WARN_INFINITE_RECURSION = YES;
				CLANG_WARN_INT_CONVERSION = YES;
				CLANG_WARN_NON_LITERAL_NULL_CONVERSION = YES;
				CLANG_WARN_OBJC_IMPLICIT_RETAIN_SELF = YES;
				CLANG_WARN_OBJC_LITERAL_CONVERSION = YES;
				CLANG_WARN_OBJC_ROOT_CLASS = YES_ERROR;
				CLANG_WARN_QUOTED_INCLUDE_IN_FRAMEWORK_HEADER = YES;
				CLANG_WARN_RANGE_LOOP_ANALYSIS = YES;
				CLANG_WARN_STRICT_PROTOTYPES = YES;
				CLANG_WARN_SUSPICIOUS_MOVE = YES;
				CLANG_WARN_UNGUARDED_AVAILABILITY = YES_AGGRESSIVE;
				CLANG_WARN_UNREACHABLE_CODE = YES;
				CLANG_WARN__DUPLICATE_METHOD_MATCH = YES;
				COPY_PHASE_STRIP = NO;
				CURRENT_PROJECT_VERSION = 1;
				DEBUG_INFORMATION_FORMAT = "dwarf-with-dsym";
				ENABLE_NS_ASSERTIONS = NO;
				ENABLE_STRICT_OBJC_MSGSEND = YES;
				ENABLE_USER_SCRIPT_SANDBOXING = YES;
				GCC_C_LANGUAGE_STANDARD = gnu17;
				GCC_NO_COMMON_BLOCKS = YES;
				GCC_WARN_64_TO_32_BIT_CONVERSION = YES;
				GCC_WARN_ABOUT_RETURN_TYPE = YES_ERROR;
				GCC_WARN_UNDECLARED_SELECTOR = YES;
				GCC_WARN_UNINITIALIZED_AUTOS = YES_AGGRESSIVE;
				GCC_WARN_UNUSED_FUNCTION = YES;
				GCC_WARN_UNUSED_VARIABLE = YES;
				LOCALIZATION_PREFERS_STRING_CATALOGS = YES;
				MACOSX_DEPLOYMENT_TARGET = 15.1;
				MTL_ENABLE_DEBUG_INFO = NO;
				MTL_FAST_MATH = YES;
				SDKROOT = macosx;
				VERSIONING_SYSTEM = "apple-generic";
				VERSION_INFO_PREFIX = "";
			};
			name = Release;
		};
		F41BC6A92D0A71FE00E61EDD /* Debug */ = {
			isa = XCBuildConfiguration;
			buildSettings = {
				ASSETCATALOG_COMPILER_APPICON_NAME = AppIcon;
				ASSETCATALOG_COMPILER_GLOBAL_ACCENT_COLOR_NAME = AccentColor;
				CLANG_ENABLE_MODULES = YES;
				CODE_SIGN_ENTITLEMENTS = Tests/AZDemo/AZDemo.entitlements;
				CODE_SIGN_STYLE = Automatic;
				COMBINE_HIDPI_IMAGES = YES;
				CURRENT_PROJECT_VERSION = 1;
				FRAMEWORK_SEARCH_PATHS = (
					"$(inherited)",
					"/opt/SDL3/**",
					"/opt/SDL3/SDL3_image.xcframework/macos-arm64_x86_64",
				);
				GENERATE_INFOPLIST_FILE = YES;
				INFOPLIST_KEY_NSHumanReadableCopyright = "";
				INFOPLIST_KEY_NSMainNibFile = MainMenu;
				INFOPLIST_KEY_NSPrincipalClass = NSApplication;
				LD_RUNPATH_SEARCH_PATHS = (
					"$(inherited)",
					"@executable_path/../Frameworks",
				);
				MACOSX_DEPLOYMENT_TARGET = 13.5;
				MARKETING_VERSION = 1.0;
				PRODUCT_BUNDLE_IDENTIFIER = "net.moebius-tech.AZDemo";
				PRODUCT_NAME = "$(TARGET_NAME)";
				SWIFT_EMIT_LOC_STRINGS = YES;
				SWIFT_OPTIMIZATION_LEVEL = "-Onone";
				SWIFT_VERSION = 6.0;
			};
			name = Debug;
		};
		F41BC6AA2D0A71FE00E61EDD /* Release */ = {
			isa = XCBuildConfiguration;
			buildSettings = {
				ASSETCATALOG_COMPILER_APPICON_NAME = AppIcon;
				ASSETCATALOG_COMPILER_GLOBAL_ACCENT_COLOR_NAME = AccentColor;
				CLANG_ENABLE_MODULES = YES;
				CODE_SIGN_ENTITLEMENTS = Tests/AZDemo/AZDemo.entitlements;
				CODE_SIGN_STYLE = Automatic;
				COMBINE_HIDPI_IMAGES = YES;
				CURRENT_PROJECT_VERSION = 1;
				FRAMEWORK_SEARCH_PATHS = (
					"$(inherited)",
					"/opt/SDL3/**",
					"/opt/SDL3/SDL3_image.xcframework/macos-arm64_x86_64",
				);
				GENERATE_INFOPLIST_FILE = YES;
				INFOPLIST_KEY_NSHumanReadableCopyright = "";
				INFOPLIST_KEY_NSMainNibFile = MainMenu;
				INFOPLIST_KEY_NSPrincipalClass = NSApplication;
				LD_RUNPATH_SEARCH_PATHS = (
					"$(inherited)",
					"@executable_path/../Frameworks",
				);
				MACOSX_DEPLOYMENT_TARGET = 13.5;
				MARKETING_VERSION = 1.0;
				PRODUCT_BUNDLE_IDENTIFIER = "net.moebius-tech.AZDemo";
				PRODUCT_NAME = "$(TARGET_NAME)";
				SWIFT_EMIT_LOC_STRINGS = YES;
				SWIFT_VERSION = 6.0;
			};
			name = Release;
		};
		F454E20B2D24D1DB002D2DAB /* Debug */ = {
			isa = XCBuildConfiguration;
			buildSettings = {
				ASSETCATALOG_COMPILER_APPICON_NAME = AppIcon;
				ASSETCATALOG_COMPILER_GLOBAL_ACCENT_COLOR_NAME = AccentColor;
				CODE_SIGN_ENTITLEMENTS = Tests/AZOutline/AZOutline.entitlements;
				CODE_SIGN_STYLE = Automatic;
				COMBINE_HIDPI_IMAGES = YES;
				CURRENT_PROJECT_VERSION = 1;
				GENERATE_INFOPLIST_FILE = YES;
				INFOPLIST_KEY_NSHumanReadableCopyright = "";
				INFOPLIST_KEY_NSMainNibFile = MainMenu;
				INFOPLIST_KEY_NSPrincipalClass = NSApplication;
				LD_RUNPATH_SEARCH_PATHS = (
					"$(inherited)",
					"@executable_path/../Frameworks",
				);
				MACOSX_DEPLOYMENT_TARGET = 13.5;
				MARKETING_VERSION = 1.0;
				PRODUCT_BUNDLE_IDENTIFIER = "net.moebius-tech.AZOutline";
				PRODUCT_NAME = "$(TARGET_NAME)";
				SWIFT_EMIT_LOC_STRINGS = YES;
			};
			name = Debug;
		};
		F454E20C2D24D1DB002D2DAB /* Release */ = {
			isa = XCBuildConfiguration;
			buildSettings = {
				ASSETCATALOG_COMPILER_APPICON_NAME = AppIcon;
				ASSETCATALOG_COMPILER_GLOBAL_ACCENT_COLOR_NAME = AccentColor;
				CODE_SIGN_ENTITLEMENTS = Tests/AZOutline/AZOutline.entitlements;
				CODE_SIGN_STYLE = Automatic;
				COMBINE_HIDPI_IMAGES = YES;
				CURRENT_PROJECT_VERSION = 1;
				GENERATE_INFOPLIST_FILE = YES;
				INFOPLIST_KEY_NSHumanReadableCopyright = "";
				INFOPLIST_KEY_NSMainNibFile = MainMenu;
				INFOPLIST_KEY_NSPrincipalClass = NSApplication;
				LD_RUNPATH_SEARCH_PATHS = (
					"$(inherited)",
					"@executable_path/../Frameworks",
				);
				MACOSX_DEPLOYMENT_TARGET = 13.5;
				MARKETING_VERSION = 1.0;
				PRODUCT_BUNDLE_IDENTIFIER = "net.moebius-tech.AZOutline";
				PRODUCT_NAME = "$(TARGET_NAME)";
				SWIFT_EMIT_LOC_STRINGS = YES;
			};
			name = Release;
		};
		F49528392D1F496300D6B8A6 /* Debug */ = {
			isa = XCBuildConfiguration;
			buildSettings = {
				ASSETCATALOG_COMPILER_APPICON_NAME = AppIcon;
				ASSETCATALOG_COMPILER_GLOBAL_ACCENT_COLOR_NAME = AccentColor;
				CODE_SIGN_ENTITLEMENTS = Tests/AZTable/AZTable.entitlements;
				CODE_SIGN_STYLE = Automatic;
				COMBINE_HIDPI_IMAGES = YES;
				CURRENT_PROJECT_VERSION = 1;
				FRAMEWORK_SEARCH_PATHS = (
					"$(inherited)",
					/opt/SDL3,
				);
				GENERATE_INFOPLIST_FILE = YES;
				INFOPLIST_KEY_NSHumanReadableCopyright = "";
				INFOPLIST_KEY_NSMainNibFile = MainMenu;
				INFOPLIST_KEY_NSPrincipalClass = NSApplication;
				LD_RUNPATH_SEARCH_PATHS = (
					"$(inherited)",
					"@executable_path/../Frameworks",
				);
				MACOSX_DEPLOYMENT_TARGET = 13.5;
				MARKETING_VERSION = 1.0;
				PRODUCT_BUNDLE_IDENTIFIER = "net.moebius-tech.AZTable";
				PRODUCT_NAME = "$(TARGET_NAME)";
				SWIFT_EMIT_LOC_STRINGS = YES;
			};
			name = Debug;
		};
		F495283A2D1F496300D6B8A6 /* Release */ = {
			isa = XCBuildConfiguration;
			buildSettings = {
				ASSETCATALOG_COMPILER_APPICON_NAME = AppIcon;
				ASSETCATALOG_COMPILER_GLOBAL_ACCENT_COLOR_NAME = AccentColor;
				CODE_SIGN_ENTITLEMENTS = Tests/AZTable/AZTable.entitlements;
				CODE_SIGN_STYLE = Automatic;
				COMBINE_HIDPI_IMAGES = YES;
				CURRENT_PROJECT_VERSION = 1;
				FRAMEWORK_SEARCH_PATHS = (
					"$(inherited)",
					/opt/SDL3,
				);
				GENERATE_INFOPLIST_FILE = YES;
				INFOPLIST_KEY_NSHumanReadableCopyright = "";
				INFOPLIST_KEY_NSMainNibFile = MainMenu;
				INFOPLIST_KEY_NSPrincipalClass = NSApplication;
				LD_RUNPATH_SEARCH_PATHS = (
					"$(inherited)",
					"@executable_path/../Frameworks",
				);
				MACOSX_DEPLOYMENT_TARGET = 13.5;
				MARKETING_VERSION = 1.0;
				PRODUCT_BUNDLE_IDENTIFIER = "net.moebius-tech.AZTable";
				PRODUCT_NAME = "$(TARGET_NAME)";
				SWIFT_EMIT_LOC_STRINGS = YES;
			};
			name = Release;
		};
		F49557162D231A2B00D6B8A6 /* Debug */ = {
			isa = XCBuildConfiguration;
			buildSettings = {
				ASSETCATALOG_COMPILER_APPICON_NAME = AppIcon;
				ASSETCATALOG_COMPILER_GLOBAL_ACCENT_COLOR_NAME = AccentColor;
				CODE_SIGN_ENTITLEMENTS = Tests/AZImageView/AZImageView.entitlements;
				CODE_SIGN_STYLE = Automatic;
				COMBINE_HIDPI_IMAGES = YES;
				CURRENT_PROJECT_VERSION = 1;
				GENERATE_INFOPLIST_FILE = YES;
				INFOPLIST_KEY_NSHumanReadableCopyright = "";
				INFOPLIST_KEY_NSMainNibFile = MainMenu;
				INFOPLIST_KEY_NSPrincipalClass = NSApplication;
				LD_RUNPATH_SEARCH_PATHS = (
					"$(inherited)",
					"@executable_path/../Frameworks",
				);
				MACOSX_DEPLOYMENT_TARGET = 13.5;
				MARKETING_VERSION = 1.0;
				PRODUCT_BUNDLE_IDENTIFIER = "net.moebius-tech.AZImageView";
				PRODUCT_NAME = "$(TARGET_NAME)";
				SWIFT_EMIT_LOC_STRINGS = YES;
			};
			name = Debug;
		};
		F49557172D231A2B00D6B8A6 /* Release */ = {
			isa = XCBuildConfiguration;
			buildSettings = {
				ASSETCATALOG_COMPILER_APPICON_NAME = AppIcon;
				ASSETCATALOG_COMPILER_GLOBAL_ACCENT_COLOR_NAME = AccentColor;
				CODE_SIGN_ENTITLEMENTS = Tests/AZImageView/AZImageView.entitlements;
				CODE_SIGN_STYLE = Automatic;
				COMBINE_HIDPI_IMAGES = YES;
				CURRENT_PROJECT_VERSION = 1;
				GENERATE_INFOPLIST_FILE = YES;
				INFOPLIST_KEY_NSHumanReadableCopyright = "";
				INFOPLIST_KEY_NSMainNibFile = MainMenu;
				INFOPLIST_KEY_NSPrincipalClass = NSApplication;
				LD_RUNPATH_SEARCH_PATHS = (
					"$(inherited)",
					"@executable_path/../Frameworks",
				);
				MACOSX_DEPLOYMENT_TARGET = 13.5;
				MARKETING_VERSION = 1.0;
				PRODUCT_BUNDLE_IDENTIFIER = "net.moebius-tech.AZImageView";
				PRODUCT_NAME = "$(TARGET_NAME)";
				SWIFT_EMIT_LOC_STRINGS = YES;
			};
			name = Release;
		};
		F4B6A3C42D0F84C10033580D /* Debug */ = {
			isa = XCBuildConfiguration;
			buildSettings = {
				ASSETCATALOG_COMPILER_APPICON_NAME = AppIcon;
				ASSETCATALOG_COMPILER_GLOBAL_ACCENT_COLOR_NAME = AccentColor;
				CODE_SIGN_ENTITLEMENTS = Tools/genRsrc/genRsrc.entitlements;
				CODE_SIGN_STYLE = Automatic;
				COMBINE_HIDPI_IMAGES = YES;
				CURRENT_PROJECT_VERSION = 1;
				GENERATE_INFOPLIST_FILE = YES;
				INFOPLIST_KEY_NSHumanReadableCopyright = "";
				INFOPLIST_KEY_NSMainNibFile = MainMenu;
				INFOPLIST_KEY_NSPrincipalClass = NSApplication;
				LD_RUNPATH_SEARCH_PATHS = (
					"$(inherited)",
					"@executable_path/../Frameworks",
				);
				MACOSX_DEPLOYMENT_TARGET = 13.5;
				MARKETING_VERSION = 1.0;
				PRODUCT_BUNDLE_IDENTIFIER = "net.moebius-tech.genRsrc";
				PRODUCT_NAME = "$(TARGET_NAME)";
				SWIFT_EMIT_LOC_STRINGS = YES;
			};
			name = Debug;
		};
		F4B6A3C52D0F84C10033580D /* Release */ = {
			isa = XCBuildConfiguration;
			buildSettings = {
				ASSETCATALOG_COMPILER_APPICON_NAME = AppIcon;
				ASSETCATALOG_COMPILER_GLOBAL_ACCENT_COLOR_NAME = AccentColor;
				CODE_SIGN_ENTITLEMENTS = Tools/genRsrc/genRsrc.entitlements;
				CODE_SIGN_STYLE = Automatic;
				COMBINE_HIDPI_IMAGES = YES;
				CURRENT_PROJECT_VERSION = 1;
				GENERATE_INFOPLIST_FILE = YES;
				INFOPLIST_KEY_NSHumanReadableCopyright = "";
				INFOPLIST_KEY_NSMainNibFile = MainMenu;
				INFOPLIST_KEY_NSPrincipalClass = NSApplication;
				LD_RUNPATH_SEARCH_PATHS = (
					"$(inherited)",
					"@executable_path/../Frameworks",
				);
				MACOSX_DEPLOYMENT_TARGET = 13.5;
				MARKETING_VERSION = 1.0;
				PRODUCT_BUNDLE_IDENTIFIER = "net.moebius-tech.genRsrc";
				PRODUCT_NAME = "$(TARGET_NAME)";
				SWIFT_EMIT_LOC_STRINGS = YES;
			};
			name = Release;
		};
		F4BD7EDE2D2651E90041034B /* Debug */ = {
			isa = XCBuildConfiguration;
			buildSettings = {
				ASSETCATALOG_COMPILER_APPICON_NAME = AppIcon;
				ASSETCATALOG_COMPILER_GLOBAL_ACCENT_COLOR_NAME = AccentColor;
				CODE_SIGN_ENTITLEMENTS = Tests/NibTest/NibTest.entitlements;
				CODE_SIGN_STYLE = Automatic;
				COMBINE_HIDPI_IMAGES = YES;
				CURRENT_PROJECT_VERSION = 1;
				GENERATE_INFOPLIST_FILE = YES;
				INFOPLIST_KEY_NSHumanReadableCopyright = "";
				INFOPLIST_KEY_NSMainNibFile = MainMenu;
				INFOPLIST_KEY_NSPrincipalClass = NSApplication;
				LD_RUNPATH_SEARCH_PATHS = (
					"$(inherited)",
					"@executable_path/../Frameworks",
				);
				MACOSX_DEPLOYMENT_TARGET = 13.5;
				MARKETING_VERSION = 1.0;
				PRODUCT_BUNDLE_IDENTIFIER = "net.moebius-tech.NibTest";
				PRODUCT_NAME = "$(TARGET_NAME)";
				SWIFT_EMIT_LOC_STRINGS = YES;
			};
			name = Debug;
		};
		F4BD7EDF2D2651E90041034B /* Release */ = {
			isa = XCBuildConfiguration;
			buildSettings = {
				ASSETCATALOG_COMPILER_APPICON_NAME = AppIcon;
				ASSETCATALOG_COMPILER_GLOBAL_ACCENT_COLOR_NAME = AccentColor;
				CODE_SIGN_ENTITLEMENTS = Tests/NibTest/NibTest.entitlements;
				CODE_SIGN_STYLE = Automatic;
				COMBINE_HIDPI_IMAGES = YES;
				CURRENT_PROJECT_VERSION = 1;
				GENERATE_INFOPLIST_FILE = YES;
				INFOPLIST_KEY_NSHumanReadableCopyright = "";
				INFOPLIST_KEY_NSMainNibFile = MainMenu;
				INFOPLIST_KEY_NSPrincipalClass = NSApplication;
				LD_RUNPATH_SEARCH_PATHS = (
					"$(inherited)",
					"@executable_path/../Frameworks",
				);
				MACOSX_DEPLOYMENT_TARGET = 13.5;
				MARKETING_VERSION = 1.0;
				PRODUCT_BUNDLE_IDENTIFIER = "net.moebius-tech.NibTest";
				PRODUCT_NAME = "$(TARGET_NAME)";
				SWIFT_EMIT_LOC_STRINGS = YES;
			};
			name = Release;
		};
		F4BD7F602D279E3C0041034B /* Debug */ = {
			isa = XCBuildConfiguration;
			buildSettings = {
				CODE_SIGN_STYLE = Automatic;
				MACOSX_DEPLOYMENT_TARGET = 13.5;
				PRODUCT_NAME = "$(TARGET_NAME)";
			};
			name = Debug;
		};
		F4BD7F612D279E3C0041034B /* Release */ = {
			isa = XCBuildConfiguration;
			buildSettings = {
				CODE_SIGN_STYLE = Automatic;
				MACOSX_DEPLOYMENT_TARGET = 13.5;
				PRODUCT_NAME = "$(TARGET_NAME)";
			};
			name = Release;
		};
		F4BD80122D2A29260041034B /* Debug */ = {
			isa = XCBuildConfiguration;
			buildSettings = {
				CODE_SIGN_STYLE = Automatic;
				MACOSX_DEPLOYMENT_TARGET = 13.5;
				PRODUCT_NAME = "$(TARGET_NAME)";
			};
			name = Debug;
		};
		F4BD80132D2A29260041034B /* Release */ = {
			isa = XCBuildConfiguration;
			buildSettings = {
				CODE_SIGN_STYLE = Automatic;
				MACOSX_DEPLOYMENT_TARGET = 13.5;
				PRODUCT_NAME = "$(TARGET_NAME)";
			};
			name = Release;
		};
/* End XCBuildConfiguration section */

/* Begin XCConfigurationList section */
		F41BC64C2D0A61BA00E61EDD /* Build configuration list for PBXProject "Azoth" */ = {
			isa = XCConfigurationList;
			buildConfigurations = (
				F41BC65B2D0A61BA00E61EDD /* Debug */,
				F41BC65C2D0A61BA00E61EDD /* Release */,
			);
			defaultConfigurationIsVisible = 0;
			defaultConfigurationName = Release;
		};
		F41BC6582D0A61BA00E61EDD /* Build configuration list for PBXNativeTarget "Azoth" */ = {
			isa = XCConfigurationList;
			buildConfigurations = (
				F41BC6592D0A61BA00E61EDD /* Debug */,
				F41BC65A2D0A61BA00E61EDD /* Release */,
			);
			defaultConfigurationIsVisible = 0;
			defaultConfigurationName = Release;
		};
		F41BC6AB2D0A71FE00E61EDD /* Build configuration list for PBXNativeTarget "AZDemo" */ = {
			isa = XCConfigurationList;
			buildConfigurations = (
				F41BC6A92D0A71FE00E61EDD /* Debug */,
				F41BC6AA2D0A71FE00E61EDD /* Release */,
			);
			defaultConfigurationIsVisible = 0;
			defaultConfigurationName = Release;
		};
		F454E20A2D24D1DB002D2DAB /* Build configuration list for PBXNativeTarget "AZOutline" */ = {
			isa = XCConfigurationList;
			buildConfigurations = (
				F454E20B2D24D1DB002D2DAB /* Debug */,
				F454E20C2D24D1DB002D2DAB /* Release */,
			);
			defaultConfigurationIsVisible = 0;
			defaultConfigurationName = Release;
		};
		F49528382D1F496300D6B8A6 /* Build configuration list for PBXNativeTarget "AZTable" */ = {
			isa = XCConfigurationList;
			buildConfigurations = (
				F49528392D1F496300D6B8A6 /* Debug */,
				F495283A2D1F496300D6B8A6 /* Release */,
			);
			defaultConfigurationIsVisible = 0;
			defaultConfigurationName = Release;
		};
		F49557152D231A2B00D6B8A6 /* Build configuration list for PBXNativeTarget "AZImageView" */ = {
			isa = XCConfigurationList;
			buildConfigurations = (
				F49557162D231A2B00D6B8A6 /* Debug */,
				F49557172D231A2B00D6B8A6 /* Release */,
			);
			defaultConfigurationIsVisible = 0;
			defaultConfigurationName = Release;
		};
		F4B6A3C32D0F84C10033580D /* Build configuration list for PBXNativeTarget "genRsrc" */ = {
			isa = XCConfigurationList;
			buildConfigurations = (
				F4B6A3C42D0F84C10033580D /* Debug */,
				F4B6A3C52D0F84C10033580D /* Release */,
			);
			defaultConfigurationIsVisible = 0;
			defaultConfigurationName = Release;
		};
		F4BD7EDD2D2651E90041034B /* Build configuration list for PBXNativeTarget "NibTest" */ = {
			isa = XCConfigurationList;
			buildConfigurations = (
				F4BD7EDE2D2651E90041034B /* Debug */,
				F4BD7EDF2D2651E90041034B /* Release */,
			);
			defaultConfigurationIsVisible = 0;
			defaultConfigurationName = Release;
		};
		F4BD7F5F2D279E3C0041034B /* Build configuration list for PBXNativeTarget "xib2zib" */ = {
			isa = XCConfigurationList;
			buildConfigurations = (
				F4BD7F602D279E3C0041034B /* Debug */,
				F4BD7F612D279E3C0041034B /* Release */,
			);
			defaultConfigurationIsVisible = 0;
			defaultConfigurationName = Release;
		};
		F4BD80112D2A29260041034B /* Build configuration list for PBXAggregateTarget "All" */ = {
			isa = XCConfigurationList;
			buildConfigurations = (
				F4BD80122D2A29260041034B /* Debug */,
				F4BD80132D2A29260041034B /* Release */,
			);
			defaultConfigurationIsVisible = 0;
			defaultConfigurationName = Release;
		};
/* End XCConfigurationList section */
	};
	rootObject = F41BC6492D0A61BA00E61EDD /* Project object */;
}
