// !$*UTF8*$!
{
	archiveVersion = 1;
	classes = {
	};
	objectVersion = 77;
	objects = {

/* Begin PBXBuildFile section */
		F41BC6AD2D0A720700E61EDD /* Azoth.framework in Frameworks */ = {isa = PBXBuildFile; fileRef = F41BC6522D0A61BA00E61EDD /* Azoth.framework */; };
		F41BC6AE2D0A720700E61EDD /* Azoth.framework in Embed Frameworks */ = {isa = PBXBuildFile; fileRef = F41BC6522D0A61BA00E61EDD /* Azoth.framework */; settings = {ATTRIBUTES = (CodeSignOnCopy, RemoveHeadersOnCopy, ); }; };
		F45ED9272D1145BA00CE8B28 /* SDL3.framework in Frameworks */ = {isa = PBXBuildFile; fileRef = F45ED9202D1145B900CE8B28 /* SDL3.framework */; };
		F45ED9282D1145BA00CE8B28 /* SDL3_ttf.xcframework in Frameworks */ = {isa = PBXBuildFile; fileRef = F45ED9212D1145B900CE8B28 /* SDL3_ttf.xcframework */; };
		F45ED9292D1145BA00CE8B28 /* SDL3_test.framework in Frameworks */ = {isa = PBXBuildFile; fileRef = F45ED9222D1145B900CE8B28 /* SDL3_test.framework */; };
		F45ED92A2D1145BA00CE8B28 /* webp.xcframework in Frameworks */ = {isa = PBXBuildFile; fileRef = F45ED9232D1145B900CE8B28 /* webp.xcframework */; };
		F45ED92B2D1145BA00CE8B28 /* jxl.xcframework in Frameworks */ = {isa = PBXBuildFile; fileRef = F45ED9242D1145B900CE8B28 /* jxl.xcframework */; };
		F45ED92C2D1145BA00CE8B28 /* avif.xcframework in Frameworks */ = {isa = PBXBuildFile; fileRef = F45ED9252D1145B900CE8B28 /* avif.xcframework */; };
		F45ED9312D1146DE00CE8B28 /* avif.xcframework in Frameworks */ = {isa = PBXBuildFile; fileRef = F45ED9252D1145B900CE8B28 /* avif.xcframework */; };
		F45ED9322D1146DE00CE8B28 /* jxl.xcframework in Frameworks */ = {isa = PBXBuildFile; fileRef = F45ED9242D1145B900CE8B28 /* jxl.xcframework */; };
		F45ED9332D1146DE00CE8B28 /* SDL3.framework in Frameworks */ = {isa = PBXBuildFile; fileRef = F45ED9202D1145B900CE8B28 /* SDL3.framework */; };
		F45ED9342D1146DE00CE8B28 /* SDL3_test.framework in Frameworks */ = {isa = PBXBuildFile; fileRef = F45ED9222D1145B900CE8B28 /* SDL3_test.framework */; };
		F45ED9352D1146DE00CE8B28 /* SDL3_ttf.xcframework in Frameworks */ = {isa = PBXBuildFile; fileRef = F45ED9212D1145B900CE8B28 /* SDL3_ttf.xcframework */; };
		F45ED9362D1146DE00CE8B28 /* webp.xcframework in Frameworks */ = {isa = PBXBuildFile; fileRef = F45ED9232D1145B900CE8B28 /* webp.xcframework */; };
		F45ED9382D11471000CE8B28 /* SDL3_image.xcframework in Frameworks */ = {isa = PBXBuildFile; fileRef = F45ED9372D11471000CE8B28 /* SDL3_image.xcframework */; };
		F45ED9392D1147EB00CE8B28 /* SDL3_image.xcframework in Frameworks */ = {isa = PBXBuildFile; fileRef = F45ED9372D11471000CE8B28 /* SDL3_image.xcframework */; };
		F45ED93A2D11480800CE8B28 /* SDL3_image.xcframework in Embed Frameworks */ = {isa = PBXBuildFile; fileRef = F45ED9372D11471000CE8B28 /* SDL3_image.xcframework */; settings = {ATTRIBUTES = (CodeSignOnCopy, RemoveHeadersOnCopy, ); }; };
		F45ED93B2D11480A00CE8B28 /* avif.xcframework in Embed Frameworks */ = {isa = PBXBuildFile; fileRef = F45ED9252D1145B900CE8B28 /* avif.xcframework */; settings = {ATTRIBUTES = (CodeSignOnCopy, RemoveHeadersOnCopy, ); }; };
		F45ED93C2D11480D00CE8B28 /* jxl.xcframework in Embed Frameworks */ = {isa = PBXBuildFile; fileRef = F45ED9242D1145B900CE8B28 /* jxl.xcframework */; settings = {ATTRIBUTES = (CodeSignOnCopy, RemoveHeadersOnCopy, ); }; };
		F45ED93D2D11481100CE8B28 /* SDL3.framework in Embed Frameworks */ = {isa = PBXBuildFile; fileRef = F45ED9202D1145B900CE8B28 /* SDL3.framework */; settings = {ATTRIBUTES = (CodeSignOnCopy, RemoveHeadersOnCopy, ); }; };
		F45ED93E2D11481300CE8B28 /* SDL3_test.framework in Embed Frameworks */ = {isa = PBXBuildFile; fileRef = F45ED9222D1145B900CE8B28 /* SDL3_test.framework */; settings = {ATTRIBUTES = (CodeSignOnCopy, RemoveHeadersOnCopy, ); }; };
		F45ED93F2D11481500CE8B28 /* SDL3_ttf.xcframework in Embed Frameworks */ = {isa = PBXBuildFile; fileRef = F45ED9212D1145B900CE8B28 /* SDL3_ttf.xcframework */; settings = {ATTRIBUTES = (CodeSignOnCopy, RemoveHeadersOnCopy, ); }; };
		F45ED9402D11481600CE8B28 /* webp.xcframework in Embed Frameworks */ = {isa = PBXBuildFile; fileRef = F45ED9232D1145B900CE8B28 /* webp.xcframework */; settings = {ATTRIBUTES = (CodeSignOnCopy, RemoveHeadersOnCopy, ); }; };
		F4B6A1412D0BB0E80033580D /* README.md in Resources */ = {isa = PBXBuildFile; fileRef = F4B6A1402D0BB0E80033580D /* README.md */; };
/* End PBXBuildFile section */

/* Begin PBXContainerItemProxy section */
		F41BC6AF2D0A720700E61EDD /* PBXContainerItemProxy */ = {
			isa = PBXContainerItemProxy;
			containerPortal = F41BC6492D0A61BA00E61EDD /* Project object */;
			proxyType = 1;
			remoteGlobalIDString = F41BC6512D0A61BA00E61EDD;
			remoteInfo = Azoth;
		};
/* End PBXContainerItemProxy section */

/* Begin PBXCopyFilesBuildPhase section */
		F41BC6B12D0A720700E61EDD /* Embed Frameworks */ = {
			isa = PBXCopyFilesBuildPhase;
			buildActionMask = 2147483647;
			dstPath = "";
			dstSubfolderSpec = 10;
			files = (
				F41BC6AE2D0A720700E61EDD /* Azoth.framework in Embed Frameworks */,
				F45ED93A2D11480800CE8B28 /* SDL3_image.xcframework in Embed Frameworks */,
				F45ED93E2D11481300CE8B28 /* SDL3_test.framework in Embed Frameworks */,
				F45ED9402D11481600CE8B28 /* webp.xcframework in Embed Frameworks */,
				F45ED93F2D11481500CE8B28 /* SDL3_ttf.xcframework in Embed Frameworks */,
				F45ED93D2D11481100CE8B28 /* SDL3.framework in Embed Frameworks */,
				F45ED93C2D11480D00CE8B28 /* jxl.xcframework in Embed Frameworks */,
				F45ED93B2D11480A00CE8B28 /* avif.xcframework in Embed Frameworks */,
			);
			name = "Embed Frameworks";
			runOnlyForDeploymentPostprocessing = 0;
		};
		F4B6A3D02D0F86C70033580D /* Embed frameworks */ = {
			isa = PBXCopyFilesBuildPhase;
			buildActionMask = 2147483647;
			dstPath = "";
			dstSubfolderSpec = 10;
			files = (
			);
			name = "Embed frameworks";
			runOnlyForDeploymentPostprocessing = 0;
		};
/* End PBXCopyFilesBuildPhase section */

/* Begin PBXFileReference section */
		F41BC6522D0A61BA00E61EDD /* Azoth.framework */ = {isa = PBXFileReference; explicitFileType = wrapper.framework; includeInIndex = 0; path = Azoth.framework; sourceTree = BUILT_PRODUCTS_DIR; };
		F41BC69C2D0A71FD00E61EDD /* AZDemo.app */ = {isa = PBXFileReference; explicitFileType = wrapper.application; includeInIndex = 0; path = AZDemo.app; sourceTree = BUILT_PRODUCTS_DIR; };
		F45ED9202D1145B900CE8B28 /* SDL3.framework */ = {isa = PBXFileReference; lastKnownFileType = wrapper.framework; name = SDL3.framework; path = ../../../../opt/SDL3/SDL3.framework; sourceTree = "<group>"; };
		F45ED9212D1145B900CE8B28 /* SDL3_ttf.xcframework */ = {isa = PBXFileReference; lastKnownFileType = wrapper.xcframework; name = SDL3_ttf.xcframework; path = ../../../../opt/SDL3/SDL3_ttf.xcframework; sourceTree = "<group>"; };
		F45ED9222D1145B900CE8B28 /* SDL3_test.framework */ = {isa = PBXFileReference; lastKnownFileType = wrapper.framework; name = SDL3_test.framework; path = ../../../../opt/SDL3/SDL3_test.framework; sourceTree = "<group>"; };
		F45ED9232D1145B900CE8B28 /* webp.xcframework */ = {isa = PBXFileReference; lastKnownFileType = wrapper.xcframework; name = webp.xcframework; path = ../../../../opt/SDL3/webp.xcframework; sourceTree = "<group>"; };
		F45ED9242D1145B900CE8B28 /* jxl.xcframework */ = {isa = PBXFileReference; lastKnownFileType = wrapper.xcframework; name = jxl.xcframework; path = ../../../../opt/SDL3/jxl.xcframework; sourceTree = "<group>"; };
		F45ED9252D1145B900CE8B28 /* avif.xcframework */ = {isa = PBXFileReference; lastKnownFileType = wrapper.xcframework; name = avif.xcframework; path = ../../../../opt/SDL3/avif.xcframework; sourceTree = "<group>"; };
		F45ED9372D11471000CE8B28 /* SDL3_image.xcframework */ = {isa = PBXFileReference; lastKnownFileType = wrapper.xcframework; name = SDL3_image.xcframework; path = ../../../../opt/SDL3/SDL3_image.xcframework; sourceTree = "<group>"; };
		F4B6A1402D0BB0E80033580D /* README.md */ = {isa = PBXFileReference; lastKnownFileType = net.daringfireball.markdown; path = README.md; sourceTree = "<group>"; };
		F4B6A3B62D0F84C00033580D /* genRsrc.app */ = {isa = PBXFileReference; explicitFileType = wrapper.application; includeInIndex = 0; path = genRsrc.app; sourceTree = BUILT_PRODUCTS_DIR; };
/* End PBXFileReference section */

/* Begin PBXFileSystemSynchronizedBuildFileExceptionSet section */
		F41BC6572D0A61BA00E61EDD /* Exceptions for "Azoth" folder in "Azoth" target */ = {
			isa = PBXFileSystemSynchronizedBuildFileExceptionSet;
			publicHeaders = (
				Azoth.h,
				Classes/Application/AZApp.h,
				Classes/Application/AZAppDelegate.h,
				Classes/Application/AZTypes.h,
				Classes/Application/AZWindow.h,
				Classes/Base/AZControl.h,
				Classes/Base/AZResponder.h,
				Classes/Controls/AZButton.h,
				Classes/Controls/AZSlider.h,
				Classes/Controls/AZTextField.h,
				Classes/Drawing/AZFont.h,
				Classes/Drawing/AZGlyphData.h,
				Classes/Drawing/AZPainter.h,
				Classes/Drawing/AZRenderer.h,
				Classes/Drawing/AZTextPainter.h,
				Classes/Utility/AZColour.h,
				Classes/Utility/AZGeometry.h,
				Classes/Utility/AZNotifications.h,
				Classes/Utility/AZObject.h,
				Classes/View/AZView.h,
			);
			target = F41BC6512D0A61BA00E61EDD /* Azoth */;
		};
/* End PBXFileSystemSynchronizedBuildFileExceptionSet section */

/* Begin PBXFileSystemSynchronizedRootGroup section */
		F41BC6542D0A61BA00E61EDD /* Azoth */ = {
			isa = PBXFileSystemSynchronizedRootGroup;
			exceptions = (
				F41BC6572D0A61BA00E61EDD /* Exceptions for "Azoth" folder in "Azoth" target */,
			);
			path = Azoth;
			sourceTree = "<group>";
		};
		F41BC69D2D0A71FD00E61EDD /* AZDemo */ = {
			isa = PBXFileSystemSynchronizedRootGroup;
			path = AZDemo;
			sourceTree = "<group>";
		};
		F4B6A3B72D0F84C00033580D /* genRsrc */ = {
			isa = PBXFileSystemSynchronizedRootGroup;
			path = genRsrc;
			sourceTree = "<group>";
		};
/* End PBXFileSystemSynchronizedRootGroup section */

/* Begin PBXFrameworksBuildPhase section */
		F41BC64F2D0A61BA00E61EDD /* Frameworks */ = {
			isa = PBXFrameworksBuildPhase;
			buildActionMask = 2147483647;
			files = (
				F45ED9312D1146DE00CE8B28 /* avif.xcframework in Frameworks */,
				F45ED9322D1146DE00CE8B28 /* jxl.xcframework in Frameworks */,
				F45ED9332D1146DE00CE8B28 /* SDL3.framework in Frameworks */,
				F45ED9342D1146DE00CE8B28 /* SDL3_test.framework in Frameworks */,
				F45ED9382D11471000CE8B28 /* SDL3_image.xcframework in Frameworks */,
				F45ED9352D1146DE00CE8B28 /* SDL3_ttf.xcframework in Frameworks */,
				F45ED9362D1146DE00CE8B28 /* webp.xcframework in Frameworks */,
			);
			runOnlyForDeploymentPostprocessing = 0;
		};
		F41BC6992D0A71FD00E61EDD /* Frameworks */ = {
			isa = PBXFrameworksBuildPhase;
			buildActionMask = 2147483647;
			files = (
				F45ED9272D1145BA00CE8B28 /* SDL3.framework in Frameworks */,
				F45ED9282D1145BA00CE8B28 /* SDL3_ttf.xcframework in Frameworks */,
				F45ED9292D1145BA00CE8B28 /* SDL3_test.framework in Frameworks */,
				F45ED92A2D1145BA00CE8B28 /* webp.xcframework in Frameworks */,
				F45ED92B2D1145BA00CE8B28 /* jxl.xcframework in Frameworks */,
				F45ED92C2D1145BA00CE8B28 /* avif.xcframework in Frameworks */,
				F45ED9392D1147EB00CE8B28 /* SDL3_image.xcframework in Frameworks */,
				F41BC6AD2D0A720700E61EDD /* Azoth.framework in Frameworks */,
			);
			runOnlyForDeploymentPostprocessing = 0;
		};
		F4B6A3B32D0F84C00033580D /* Frameworks */ = {
			isa = PBXFrameworksBuildPhase;
			buildActionMask = 2147483647;
			files = (
			);
			runOnlyForDeploymentPostprocessing = 0;
		};
/* End PBXFrameworksBuildPhase section */

/* Begin PBXGroup section */
		F41BC6482D0A61BA00E61EDD = {
			isa = PBXGroup;
			children = (
				F4B6A1402D0BB0E80033580D /* README.md */,
				F41BC6542D0A61BA00E61EDD /* Azoth */,
				F41BC69D2D0A71FD00E61EDD /* AZDemo */,
				F4B6A3B72D0F84C00033580D /* genRsrc */,
				F4B6A11B2D0A977D0033580D /* Frameworks */,
				F41BC6532D0A61BA00E61EDD /* Products */,
			);
			sourceTree = "<group>";
		};
		F41BC6532D0A61BA00E61EDD /* Products */ = {
			isa = PBXGroup;
			children = (
				F41BC6522D0A61BA00E61EDD /* Azoth.framework */,
				F41BC69C2D0A71FD00E61EDD /* AZDemo.app */,
				F4B6A3B62D0F84C00033580D /* genRsrc.app */,
			);
			name = Products;
			sourceTree = "<group>";
		};
		F4B6A11B2D0A977D0033580D /* Frameworks */ = {
			isa = PBXGroup;
			children = (
				F45ED9372D11471000CE8B28 /* SDL3_image.xcframework */,
				F45ED9252D1145B900CE8B28 /* avif.xcframework */,
				F45ED9242D1145B900CE8B28 /* jxl.xcframework */,
				F45ED9202D1145B900CE8B28 /* SDL3.framework */,
				F45ED9222D1145B900CE8B28 /* SDL3_test.framework */,
				F45ED9212D1145B900CE8B28 /* SDL3_ttf.xcframework */,
				F45ED9232D1145B900CE8B28 /* webp.xcframework */,
			);
			name = Frameworks;
			sourceTree = "<group>";
		};
/* End PBXGroup section */

/* Begin PBXHeadersBuildPhase section */
		F41BC64D2D0A61BA00E61EDD /* Headers */ = {
			isa = PBXHeadersBuildPhase;
			buildActionMask = 2147483647;
			files = (
			);
			runOnlyForDeploymentPostprocessing = 0;
		};
/* End PBXHeadersBuildPhase section */

/* Begin PBXNativeTarget section */
		F41BC6512D0A61BA00E61EDD /* Azoth */ = {
			isa = PBXNativeTarget;
			buildConfigurationList = F41BC6582D0A61BA00E61EDD /* Build configuration list for PBXNativeTarget "Azoth" */;
			buildPhases = (
				F41BC64D2D0A61BA00E61EDD /* Headers */,
				F41BC64E2D0A61BA00E61EDD /* Sources */,
				F41BC64F2D0A61BA00E61EDD /* Frameworks */,
				F41BC6502D0A61BA00E61EDD /* Resources */,
			);
			buildRules = (
			);
			dependencies = (
			);
			fileSystemSynchronizedGroups = (
				F41BC6542D0A61BA00E61EDD /* Azoth */,
			);
			name = Azoth;
			packageProductDependencies = (
			);
			productName = Azoth;
			productReference = F41BC6522D0A61BA00E61EDD /* Azoth.framework */;
			productType = "com.apple.product-type.framework";
		};
		F41BC69B2D0A71FD00E61EDD /* AZDemo */ = {
			isa = PBXNativeTarget;
			buildConfigurationList = F41BC6AB2D0A71FE00E61EDD /* Build configuration list for PBXNativeTarget "AZDemo" */;
			buildPhases = (
				F41BC6982D0A71FD00E61EDD /* Sources */,
				F41BC6992D0A71FD00E61EDD /* Frameworks */,
				F41BC69A2D0A71FD00E61EDD /* Resources */,
				F41BC6B12D0A720700E61EDD /* Embed Frameworks */,
			);
			buildRules = (
			);
			dependencies = (
				F41BC6B02D0A720700E61EDD /* PBXTargetDependency */,
			);
			fileSystemSynchronizedGroups = (
				F41BC69D2D0A71FD00E61EDD /* AZDemo */,
			);
			name = AZDemo;
			packageProductDependencies = (
			);
			productName = AZDemo;
			productReference = F41BC69C2D0A71FD00E61EDD /* AZDemo.app */;
			productType = "com.apple.product-type.application";
		};
		F4B6A3B52D0F84C00033580D /* genRsrc */ = {
			isa = PBXNativeTarget;
			buildConfigurationList = F4B6A3C32D0F84C10033580D /* Build configuration list for PBXNativeTarget "genRsrc" */;
			buildPhases = (
				F4B6A3B22D0F84C00033580D /* Sources */,
				F4B6A3B32D0F84C00033580D /* Frameworks */,
				F4B6A3B42D0F84C00033580D /* Resources */,
				F4B6A3D02D0F86C70033580D /* Embed frameworks */,
			);
			buildRules = (
			);
			dependencies = (
			);
			fileSystemSynchronizedGroups = (
				F4B6A3B72D0F84C00033580D /* genRsrc */,
			);
			name = genRsrc;
			packageProductDependencies = (
			);
			productName = genRsrc;
			productReference = F4B6A3B62D0F84C00033580D /* genRsrc.app */;
			productType = "com.apple.product-type.application";
		};
/* End PBXNativeTarget section */

/* Begin PBXProject section */
		F41BC6492D0A61BA00E61EDD /* Project object */ = {
			isa = PBXProject;
			attributes = {
				BuildIndependentTargetsInParallel = 1;
				LastUpgradeCheck = 1610;
				TargetAttributes = {
					F41BC6512D0A61BA00E61EDD = {
						CreatedOnToolsVersion = 16.1;
					};
					F41BC69B2D0A71FD00E61EDD = {
						CreatedOnToolsVersion = 16.1;
						LastSwiftMigration = 1610;
					};
					F4B6A3B52D0F84C00033580D = {
						CreatedOnToolsVersion = 16.1;
					};
				};
			};
			buildConfigurationList = F41BC64C2D0A61BA00E61EDD /* Build configuration list for PBXProject "Azoth" */;
			developmentRegion = en;
			hasScannedForEncodings = 0;
			knownRegions = (
				en,
				Base,
			);
			mainGroup = F41BC6482D0A61BA00E61EDD;
			minimizedProjectReferenceProxies = 1;
			preferredProjectObjectVersion = 77;
			productRefGroup = F41BC6532D0A61BA00E61EDD /* Products */;
			projectDirPath = "";
			projectRoot = "";
			targets = (
				F41BC6512D0A61BA00E61EDD /* Azoth */,
				F41BC69B2D0A71FD00E61EDD /* AZDemo */,
				F4B6A3B52D0F84C00033580D /* genRsrc */,
			);
		};
/* End PBXProject section */

/* Begin PBXResourcesBuildPhase section */
		F41BC6502D0A61BA00E61EDD /* Resources */ = {
			isa = PBXResourcesBuildPhase;
			buildActionMask = 2147483647;
			files = (
				F4B6A1412D0BB0E80033580D /* README.md in Resources */,
			);
			runOnlyForDeploymentPostprocessing = 0;
		};
		F41BC69A2D0A71FD00E61EDD /* Resources */ = {
			isa = PBXResourcesBuildPhase;
			buildActionMask = 2147483647;
			files = (
			);
			runOnlyForDeploymentPostprocessing = 0;
		};
		F4B6A3B42D0F84C00033580D /* Resources */ = {
			isa = PBXResourcesBuildPhase;
			buildActionMask = 2147483647;
			files = (
			);
			runOnlyForDeploymentPostprocessing = 0;
		};
/* End PBXResourcesBuildPhase section */

/* Begin PBXSourcesBuildPhase section */
		F41BC64E2D0A61BA00E61EDD /* Sources */ = {
			isa = PBXSourcesBuildPhase;
			buildActionMask = 2147483647;
			files = (
			);
			runOnlyForDeploymentPostprocessing = 0;
		};
		F41BC6982D0A71FD00E61EDD /* Sources */ = {
			isa = PBXSourcesBuildPhase;
			buildActionMask = 2147483647;
			files = (
			);
			runOnlyForDeploymentPostprocessing = 0;
		};
		F4B6A3B22D0F84C00033580D /* Sources */ = {
			isa = PBXSourcesBuildPhase;
			buildActionMask = 2147483647;
			files = (
			);
			runOnlyForDeploymentPostprocessing = 0;
		};
/* End PBXSourcesBuildPhase section */

/* Begin PBXTargetDependency section */
		F41BC6B02D0A720700E61EDD /* PBXTargetDependency */ = {
			isa = PBXTargetDependency;
			target = F41BC6512D0A61BA00E61EDD /* Azoth */;
			targetProxy = F41BC6AF2D0A720700E61EDD /* PBXContainerItemProxy */;
		};
/* End PBXTargetDependency section */

/* Begin XCBuildConfiguration section */
		F41BC6592D0A61BA00E61EDD /* Debug */ = {
			isa = XCBuildConfiguration;
			buildSettings = {
				CLANG_ALLOW_NON_MODULAR_INCLUDES_IN_FRAMEWORK_MODULES = YES;
				CODE_SIGN_STYLE = Automatic;
				COMBINE_HIDPI_IMAGES = YES;
				CURRENT_PROJECT_VERSION = 1;
				DEFINES_MODULE = YES;
				DYLIB_COMPATIBILITY_VERSION = 1;
				DYLIB_CURRENT_VERSION = 1;
				DYLIB_INSTALL_NAME_BASE = "@rpath";
				ENABLE_MODULE_VERIFIER = NO;
				FRAMEWORK_SEARCH_PATHS = (
					"/opt/SDL3/**",
					"/opt/SDL3/SDL3_image.xcframework/macos-arm64_x86_64",
					/opt/SDL3,
				);
				GENERATE_INFOPLIST_FILE = YES;
				INFOPLIST_KEY_NSHumanReadableCopyright = "";
				INSTALL_PATH = "$(LOCAL_LIBRARY_DIR)/Frameworks";
				LD_RUNPATH_SEARCH_PATHS = (
					"$(inherited)",
					"@executable_path/../Frameworks",
					"@loader_path/Frameworks",
				);
				MARKETING_VERSION = 1.0;
				MODULE_VERIFIER_SUPPORTED_LANGUAGES = "objective-c objective-c++";
				MODULE_VERIFIER_SUPPORTED_LANGUAGE_STANDARDS = "gnu17 gnu++20";
				PRODUCT_BUNDLE_IDENTIFIER = "net.moebius-tech.Azoth";
				PRODUCT_NAME = "$(TARGET_NAME:c99extidentifier)";
				SKIP_INSTALL = YES;
				SWIFT_EMIT_LOC_STRINGS = YES;
			};
			name = Debug;
		};
		F41BC65A2D0A61BA00E61EDD /* Release */ = {
			isa = XCBuildConfiguration;
			buildSettings = {
				CLANG_ALLOW_NON_MODULAR_INCLUDES_IN_FRAMEWORK_MODULES = YES;
				CODE_SIGN_STYLE = Automatic;
				COMBINE_HIDPI_IMAGES = YES;
				CURRENT_PROJECT_VERSION = 1;
				DEFINES_MODULE = YES;
				DYLIB_COMPATIBILITY_VERSION = 1;
				DYLIB_CURRENT_VERSION = 1;
				DYLIB_INSTALL_NAME_BASE = "@rpath";
				ENABLE_MODULE_VERIFIER = NO;
				FRAMEWORK_SEARCH_PATHS = (
					"/opt/SDL3/**",
					"/opt/SDL3/SDL3_image.xcframework/macos-arm64_x86_64",
					/opt/SDL3,
				);
				GENERATE_INFOPLIST_FILE = YES;
				INFOPLIST_KEY_NSHumanReadableCopyright = "";
				INSTALL_PATH = "$(LOCAL_LIBRARY_DIR)/Frameworks";
				LD_RUNPATH_SEARCH_PATHS = (
					"$(inherited)",
					"@executable_path/../Frameworks",
					"@loader_path/Frameworks",
				);
				MARKETING_VERSION = 1.0;
				MODULE_VERIFIER_SUPPORTED_LANGUAGES = "objective-c objective-c++";
				MODULE_VERIFIER_SUPPORTED_LANGUAGE_STANDARDS = "gnu17 gnu++20";
				PRODUCT_BUNDLE_IDENTIFIER = "net.moebius-tech.Azoth";
				PRODUCT_NAME = "$(TARGET_NAME:c99extidentifier)";
				SKIP_INSTALL = YES;
				SWIFT_EMIT_LOC_STRINGS = YES;
			};
			name = Release;
		};
		F41BC65B2D0A61BA00E61EDD /* Debug */ = {
			isa = XCBuildConfiguration;
			buildSettings = {
				ALWAYS_SEARCH_USER_PATHS = NO;
				ASSETCATALOG_COMPILER_GENERATE_SWIFT_ASSET_SYMBOL_EXTENSIONS = YES;
				CLANG_ANALYZER_NONNULL = YES;
				CLANG_ANALYZER_NUMBER_OBJECT_CONVERSION = YES_AGGRESSIVE;
				CLANG_CXX_LANGUAGE_STANDARD = "gnu++20";
				CLANG_ENABLE_MODULES = YES;
				CLANG_ENABLE_OBJC_ARC = YES;
				CLANG_ENABLE_OBJC_WEAK = YES;
				CLANG_WARN_BLOCK_CAPTURE_AUTORELEASING = YES;
				CLANG_WARN_BOOL_CONVERSION = YES;
				CLANG_WARN_COMMA = YES;
				CLANG_WARN_CONSTANT_CONVERSION = YES;
				CLANG_WARN_DEPRECATED_OBJC_IMPLEMENTATIONS = YES;
				CLANG_WARN_DIRECT_OBJC_ISA_USAGE = YES_ERROR;
				CLANG_WARN_DOCUMENTATION_COMMENTS = YES;
				CLANG_WARN_EMPTY_BODY = YES;
				CLANG_WARN_ENUM_CONVERSION = YES;
				CLANG_WARN_INFINITE_RECURSION = YES;
				CLANG_WARN_INT_CONVERSION = YES;
				CLANG_WARN_NON_LITERAL_NULL_CONVERSION = YES;
				CLANG_WARN_OBJC_IMPLICIT_RETAIN_SELF = YES;
				CLANG_WARN_OBJC_LITERAL_CONVERSION = YES;
				CLANG_WARN_OBJC_ROOT_CLASS = YES_ERROR;
				CLANG_WARN_QUOTED_INCLUDE_IN_FRAMEWORK_HEADER = YES;
				CLANG_WARN_RANGE_LOOP_ANALYSIS = YES;
				CLANG_WARN_STRICT_PROTOTYPES = YES;
				CLANG_WARN_SUSPICIOUS_MOVE = YES;
				CLANG_WARN_UNGUARDED_AVAILABILITY = YES_AGGRESSIVE;
				CLANG_WARN_UNREACHABLE_CODE = YES;
				CLANG_WARN__DUPLICATE_METHOD_MATCH = YES;
				COPY_PHASE_STRIP = NO;
				CURRENT_PROJECT_VERSION = 1;
				DEBUG_INFORMATION_FORMAT = dwarf;
				ENABLE_STRICT_OBJC_MSGSEND = YES;
				ENABLE_TESTABILITY = YES;
				ENABLE_USER_SCRIPT_SANDBOXING = YES;
				GCC_C_LANGUAGE_STANDARD = gnu17;
				GCC_DYNAMIC_NO_PIC = NO;
				GCC_NO_COMMON_BLOCKS = YES;
				GCC_OPTIMIZATION_LEVEL = 0;
				GCC_PREPROCESSOR_DEFINITIONS = (
					"DEBUG=1",
					"$(inherited)",
				);
				GCC_WARN_64_TO_32_BIT_CONVERSION = YES;
				GCC_WARN_ABOUT_RETURN_TYPE = YES_ERROR;
				GCC_WARN_UNDECLARED_SELECTOR = YES;
				GCC_WARN_UNINITIALIZED_AUTOS = YES_AGGRESSIVE;
				GCC_WARN_UNUSED_FUNCTION = YES;
				GCC_WARN_UNUSED_VARIABLE = YES;
				LOCALIZATION_PREFERS_STRING_CATALOGS = YES;
				MACOSX_DEPLOYMENT_TARGET = 15.1;
				MTL_ENABLE_DEBUG_INFO = INCLUDE_SOURCE;
				MTL_FAST_MATH = YES;
				ONLY_ACTIVE_ARCH = YES;
				SDKROOT = macosx;
				VERSIONING_SYSTEM = "apple-generic";
				VERSION_INFO_PREFIX = "";
			};
			name = Debug;
		};
		F41BC65C2D0A61BA00E61EDD /* Release */ = {
			isa = XCBuildConfiguration;
			buildSettings = {
				ALWAYS_SEARCH_USER_PATHS = NO;
				ASSETCATALOG_COMPILER_GENERATE_SWIFT_ASSET_SYMBOL_EXTENSIONS = YES;
				CLANG_ANALYZER_NONNULL = YES;
				CLANG_ANALYZER_NUMBER_OBJECT_CONVERSION = YES_AGGRESSIVE;
				CLANG_CXX_LANGUAGE_STANDARD = "gnu++20";
				CLANG_ENABLE_MODULES = YES;
				CLANG_ENABLE_OBJC_ARC = YES;
				CLANG_ENABLE_OBJC_WEAK = YES;
				CLANG_WARN_BLOCK_CAPTURE_AUTORELEASING = YES;
				CLANG_WARN_BOOL_CONVERSION = YES;
				CLANG_WARN_COMMA = YES;
				CLANG_WARN_CONSTANT_CONVERSION = YES;
				CLANG_WARN_DEPRECATED_OBJC_IMPLEMENTATIONS = YES;
				CLANG_WARN_DIRECT_OBJC_ISA_USAGE = YES_ERROR;
				CLANG_WARN_DOCUMENTATION_COMMENTS = YES;
				CLANG_WARN_EMPTY_BODY = YES;
				CLANG_WARN_ENUM_CONVERSION = YES;
				CLANG_WARN_INFINITE_RECURSION = YES;
				CLANG_WARN_INT_CONVERSION = YES;
				CLANG_WARN_NON_LITERAL_NULL_CONVERSION = YES;
				CLANG_WARN_OBJC_IMPLICIT_RETAIN_SELF = YES;
				CLANG_WARN_OBJC_LITERAL_CONVERSION = YES;
				CLANG_WARN_OBJC_ROOT_CLASS = YES_ERROR;
				CLANG_WARN_QUOTED_INCLUDE_IN_FRAMEWORK_HEADER = YES;
				CLANG_WARN_RANGE_LOOP_ANALYSIS = YES;
				CLANG_WARN_STRICT_PROTOTYPES = YES;
				CLANG_WARN_SUSPICIOUS_MOVE = YES;
				CLANG_WARN_UNGUARDED_AVAILABILITY = YES_AGGRESSIVE;
				CLANG_WARN_UNREACHABLE_CODE = YES;
				CLANG_WARN__DUPLICATE_METHOD_MATCH = YES;
				COPY_PHASE_STRIP = NO;
				CURRENT_PROJECT_VERSION = 1;
				DEBUG_INFORMATION_FORMAT = "dwarf-with-dsym";
				ENABLE_NS_ASSERTIONS = NO;
				ENABLE_STRICT_OBJC_MSGSEND = YES;
				ENABLE_USER_SCRIPT_SANDBOXING = YES;
				GCC_C_LANGUAGE_STANDARD = gnu17;
				GCC_NO_COMMON_BLOCKS = YES;
				GCC_WARN_64_TO_32_BIT_CONVERSION = YES;
				GCC_WARN_ABOUT_RETURN_TYPE = YES_ERROR;
				GCC_WARN_UNDECLARED_SELECTOR = YES;
				GCC_WARN_UNINITIALIZED_AUTOS = YES_AGGRESSIVE;
				GCC_WARN_UNUSED_FUNCTION = YES;
				GCC_WARN_UNUSED_VARIABLE = YES;
				LOCALIZATION_PREFERS_STRING_CATALOGS = YES;
				MACOSX_DEPLOYMENT_TARGET = 15.1;
				MTL_ENABLE_DEBUG_INFO = NO;
				MTL_FAST_MATH = YES;
				SDKROOT = macosx;
				VERSIONING_SYSTEM = "apple-generic";
				VERSION_INFO_PREFIX = "";
			};
			name = Release;
		};
		F41BC6A92D0A71FE00E61EDD /* Debug */ = {
			isa = XCBuildConfiguration;
			buildSettings = {
				ASSETCATALOG_COMPILER_APPICON_NAME = AppIcon;
				ASSETCATALOG_COMPILER_GLOBAL_ACCENT_COLOR_NAME = AccentColor;
				CLANG_ENABLE_MODULES = YES;
				CODE_SIGN_ENTITLEMENTS = AZDemo/AZDemo.entitlements;
				CODE_SIGN_STYLE = Automatic;
				COMBINE_HIDPI_IMAGES = YES;
				CURRENT_PROJECT_VERSION = 1;
				FRAMEWORK_SEARCH_PATHS = (
					"$(inherited)",
					"$(PROJECT_DIR)/Azoth/Frameworks",
					"$(PROJECT_DIR)/AZDemo/Frameworks",
					/opt/SDL3,
					"/opt/SDL3/SDL3_image.xcframework/macos-arm64_x86_64",
				);
				GENERATE_INFOPLIST_FILE = YES;
				INFOPLIST_KEY_NSHumanReadableCopyright = "";
				INFOPLIST_KEY_NSMainNibFile = MainMenu;
				INFOPLIST_KEY_NSPrincipalClass = NSApplication;
				LD_RUNPATH_SEARCH_PATHS = (
					"$(inherited)",
					"@executable_path/../Frameworks",
				);
				MARKETING_VERSION = 1.0;
				PRODUCT_BUNDLE_IDENTIFIER = "net.moebius-tech.AZDemo";
				PRODUCT_NAME = "$(TARGET_NAME)";
				SWIFT_EMIT_LOC_STRINGS = YES;
				SWIFT_OPTIMIZATION_LEVEL = "-Onone";
				SWIFT_VERSION = 6.0;
			};
			name = Debug;
		};
		F41BC6AA2D0A71FE00E61EDD /* Release */ = {
			isa = XCBuildConfiguration;
			buildSettings = {
				ASSETCATALOG_COMPILER_APPICON_NAME = AppIcon;
				ASSETCATALOG_COMPILER_GLOBAL_ACCENT_COLOR_NAME = AccentColor;
				CLANG_ENABLE_MODULES = YES;
				CODE_SIGN_ENTITLEMENTS = AZDemo/AZDemo.entitlements;
				CODE_SIGN_STYLE = Automatic;
				COMBINE_HIDPI_IMAGES = YES;
				CURRENT_PROJECT_VERSION = 1;
				FRAMEWORK_SEARCH_PATHS = (
					"$(inherited)",
					"$(PROJECT_DIR)/Azoth/Frameworks",
					"$(PROJECT_DIR)/AZDemo/Frameworks",
					/opt/SDL3,
					"/opt/SDL3/SDL3_image.xcframework/macos-arm64_x86_64",
				);
				GENERATE_INFOPLIST_FILE = YES;
				INFOPLIST_KEY_NSHumanReadableCopyright = "";
				INFOPLIST_KEY_NSMainNibFile = MainMenu;
				INFOPLIST_KEY_NSPrincipalClass = NSApplication;
				LD_RUNPATH_SEARCH_PATHS = (
					"$(inherited)",
					"@executable_path/../Frameworks",
				);
				MARKETING_VERSION = 1.0;
				PRODUCT_BUNDLE_IDENTIFIER = "net.moebius-tech.AZDemo";
				PRODUCT_NAME = "$(TARGET_NAME)";
				SWIFT_EMIT_LOC_STRINGS = YES;
				SWIFT_VERSION = 6.0;
			};
			name = Release;
		};
		F4B6A3C42D0F84C10033580D /* Debug */ = {
			isa = XCBuildConfiguration;
			buildSettings = {
				ASSETCATALOG_COMPILER_APPICON_NAME = AppIcon;
				ASSETCATALOG_COMPILER_GLOBAL_ACCENT_COLOR_NAME = AccentColor;
				CODE_SIGN_ENTITLEMENTS = genRsrc/genRsrc.entitlements;
				CODE_SIGN_STYLE = Automatic;
				COMBINE_HIDPI_IMAGES = YES;
				CURRENT_PROJECT_VERSION = 1;
				FRAMEWORK_SEARCH_PATHS = (
					"$(inherited)",
					"$(PROJECT_DIR)/Azoth/Frameworks",
				);
				GENERATE_INFOPLIST_FILE = YES;
				INFOPLIST_KEY_NSHumanReadableCopyright = "";
				INFOPLIST_KEY_NSMainNibFile = MainMenu;
				INFOPLIST_KEY_NSPrincipalClass = NSApplication;
				LD_RUNPATH_SEARCH_PATHS = (
					"$(inherited)",
					"@executable_path/../Frameworks",
				);
				MARKETING_VERSION = 1.0;
				PRODUCT_BUNDLE_IDENTIFIER = "net.moebius-tech.genRsrc";
				PRODUCT_NAME = "$(TARGET_NAME)";
				SWIFT_EMIT_LOC_STRINGS = YES;
			};
			name = Debug;
		};
		F4B6A3C52D0F84C10033580D /* Release */ = {
			isa = XCBuildConfiguration;
			buildSettings = {
				ASSETCATALOG_COMPILER_APPICON_NAME = AppIcon;
				ASSETCATALOG_COMPILER_GLOBAL_ACCENT_COLOR_NAME = AccentColor;
				CODE_SIGN_ENTITLEMENTS = genRsrc/genRsrc.entitlements;
				CODE_SIGN_STYLE = Automatic;
				COMBINE_HIDPI_IMAGES = YES;
				CURRENT_PROJECT_VERSION = 1;
				FRAMEWORK_SEARCH_PATHS = (
					"$(inherited)",
					"$(PROJECT_DIR)/Azoth/Frameworks",
				);
				GENERATE_INFOPLIST_FILE = YES;
				INFOPLIST_KEY_NSHumanReadableCopyright = "";
				INFOPLIST_KEY_NSMainNibFile = MainMenu;
				INFOPLIST_KEY_NSPrincipalClass = NSApplication;
				LD_RUNPATH_SEARCH_PATHS = (
					"$(inherited)",
					"@executable_path/../Frameworks",
				);
				MARKETING_VERSION = 1.0;
				PRODUCT_BUNDLE_IDENTIFIER = "net.moebius-tech.genRsrc";
				PRODUCT_NAME = "$(TARGET_NAME)";
				SWIFT_EMIT_LOC_STRINGS = YES;
			};
			name = Release;
		};
/* End XCBuildConfiguration section */

/* Begin XCConfigurationList section */
		F41BC64C2D0A61BA00E61EDD /* Build configuration list for PBXProject "Azoth" */ = {
			isa = XCConfigurationList;
			buildConfigurations = (
				F41BC65B2D0A61BA00E61EDD /* Debug */,
				F41BC65C2D0A61BA00E61EDD /* Release */,
			);
			defaultConfigurationIsVisible = 0;
			defaultConfigurationName = Release;
		};
		F41BC6582D0A61BA00E61EDD /* Build configuration list for PBXNativeTarget "Azoth" */ = {
			isa = XCConfigurationList;
			buildConfigurations = (
				F41BC6592D0A61BA00E61EDD /* Debug */,
				F41BC65A2D0A61BA00E61EDD /* Release */,
			);
			defaultConfigurationIsVisible = 0;
			defaultConfigurationName = Release;
		};
		F41BC6AB2D0A71FE00E61EDD /* Build configuration list for PBXNativeTarget "AZDemo" */ = {
			isa = XCConfigurationList;
			buildConfigurations = (
				F41BC6A92D0A71FE00E61EDD /* Debug */,
				F41BC6AA2D0A71FE00E61EDD /* Release */,
			);
			defaultConfigurationIsVisible = 0;
			defaultConfigurationName = Release;
		};
		F4B6A3C32D0F84C10033580D /* Build configuration list for PBXNativeTarget "genRsrc" */ = {
			isa = XCConfigurationList;
			buildConfigurations = (
				F4B6A3C42D0F84C10033580D /* Debug */,
				F4B6A3C52D0F84C10033580D /* Release */,
			);
			defaultConfigurationIsVisible = 0;
			defaultConfigurationName = Release;
		};
/* End XCConfigurationList section */
	};
	rootObject = F41BC6492D0A61BA00E61EDD /* Project object */;
}
